
Microsoft Visual Studio Solution File, Format Version 12.00
# Visual Studio Version 17
VisualStudioVersion = 17.5.33414.496
MinimumVisualStudioVersion = 10.0.40219.1
Project("{FAE04EC0-301F-11D3-BF4B-00C04F79EFBC}") = "PR1-1", "PR1-1\PR1-1.csproj", "{EECEA2D3-108A-441F-8859-4D2A9FE52821}"
EndProject
Project("{FAE04EC0-301F-11D3-BF4B-00C04F79EFBC}") = "PR1-2", "PR1-2\PR1-2.csproj", "{DD62882F-C21C-425A-83DE-1ACCB0A4A1F7}"
EndProject
Project("{FAE04EC0-301F-11D3-BF4B-00C04F79EFBC}") = "PR1-3", "PR1-3\PR1-3.csproj", "{7A82778B-8FA4-4F3B-AA52-AC5F5D185C77}"
EndProject
Project("{FAE04EC0-301F-11D3-BF4B-00C04F79EFBC}") = "PR1-4", "PR1-4\PR1-4.csproj", "{2A760B4A-B103-4350-915A-78D455BCC397}"
EndProject
Project("{FAE04EC0-301F-11D3-BF4B-00C04F79EFBC}") = "PR1-5", "PR1-5\PR1-5.csproj", "{45CE77FF-9FDA-4E01-A420-A1C00B41BACC}"
EndProject
Project("{FAE04EC0-301F-11D3-BF4B-00C04F79EFBC}") = "PR1-6", "PR1-6\PR1-6.csproj", "{3DEDED5C-A4BB-4716-BEDC-969BB70ED1B6}"
EndProject
Project("{2150E333-8FDC-42A3-9474-1A3956D46DE8}") = "PR1 Variant 18", "PR1 Variant 18", "{BD4B115D-DD7D-4B9D-B8DC-E13497C0EFFA}"
EndProject
Project("{2150E333-8FDC-42A3-9474-1A3956D46DE8}") = "PR2 Variant 14", "PR2 Variant 14", "{238B1902-F8F3-40ED-BD15-A9ABDA7D75FC}"
EndProject
Project("{FAE04EC0-301F-11D3-BF4B-00C04F79EFBC}") = "PR2-1", "PR2-1\PR2-1.csproj", "{B0A8889F-E1F2-40CC-84CE-35D36AE5653A}"
EndProject
Project("{FAE04EC0-301F-11D3-BF4B-00C04F79EFBC}") = "PR2-2", "PR2-2\PR2-2.csproj", "{9471C395-2DBC-4689-AA2E-68E1BCE6BDDD}"
EndProject
Project("{FAE04EC0-301F-11D3-BF4B-00C04F79EFBC}") = "PR2-3", "PR2-3\PR2-3.csproj", "{69F3643C-9519-4061-A094-1B24590689B3}"
EndProject
Project("{FAE04EC0-301F-11D3-BF4B-00C04F79EFBC}") = "PR2-4", "PR2-4\PR2-4.csproj", "{7EB25F75-6B75-4C9F-B961-013DDA2B5CB2}"
EndProject
Project("{FAE04EC0-301F-11D3-BF4B-00C04F79EFBC}") = "PR2-5", "PR2-5\PR2-5.csproj", "{7A9B6807-2933-473A-A595-7EE9BF784D72}"
EndProject
Project("{2150E333-8FDC-42A3-9474-1A3956D46DE8}") = "PR3 Variant 21", "PR3 Variant 21", "{A84D60BD-5F96-43F3-A587-82D3B42E430C}"
EndProject
Project("{FAE04EC0-301F-11D3-BF4B-00C04F79EFBC}") = "PR3-1", "PR3-1\PR3-1.csproj", "{A6B4377C-F39E-4030-82A6-BEA67DE4909F}"
EndProject
Project("{FAE04EC0-301F-11D3-BF4B-00C04F79EFBC}") = "PR3-2", "PR3-2\PR3-2.csproj", "{4E33999A-F24A-401D-8E68-79F0EA0687A0}"
EndProject
Project("{FAE04EC0-301F-11D3-BF4B-00C04F79EFBC}") = "PR3-3", "PR3-3\PR3-3.csproj", "{ADAB8A74-8D33-4048-A7BD-A1F53210CD35}"
EndProject
Project("{FAE04EC0-301F-11D3-BF4B-00C04F79EFBC}") = "PR3-4", "PR3-4\PR3-4.csproj", "{8F69D824-8D16-4BBB-8CF0-789C7B377760}"
EndProject
Project("{FAE04EC0-301F-11D3-BF4B-00C04F79EFBC}") = "PR3-5", "PR3-5\PR3-5.csproj", "{BF7A1494-065F-4865-86E4-E91732B6E85A}"
EndProject
Project("{2150E333-8FDC-42A3-9474-1A3956D46DE8}") = "PR4 Variant 20", "PR4 Variant 20", "{9B7BC643-8B19-40C0-962A-FD628966F90F}"
EndProject
Project("{FAE04EC0-301F-11D3-BF4B-00C04F79EFBC}") = "PR4-1", "PR4-1\PR4-1.csproj", "{93AE526F-B1AE-4BD0-A6BE-B1B579C744E1}"
EndProject
Project("{FAE04EC0-301F-11D3-BF4B-00C04F79EFBC}") = "PR4-2", "PR4-2\PR4-2.csproj", "{37956F95-882B-4476-95BC-72CE40C06D8D}"
EndProject
Project("{FAE04EC0-301F-11D3-BF4B-00C04F79EFBC}") = "PR4-3", "PR4-3\PR4-3.csproj", "{42C3143D-0511-4CD2-A61D-2920C745F6D5}"
EndProject
Project("{FAE04EC0-301F-11D3-BF4B-00C04F79EFBC}") = "PR4-4", "PR4-4\PR4-4.csproj", "{2219409B-0573-4335-A67B-D1F3284CE9B3}"
EndProject
Project("{FAE04EC0-301F-11D3-BF4B-00C04F79EFBC}") = "PR4-5", "PR4-5\PR4-5.csproj", "{F29AB730-5EE0-4778-8798-E28FED5ED82F}"
EndProject
Project("{2150E333-8FDC-42A3-9474-1A3956D46DE8}") = "PR5 Variant 13", "PR5 Variant 13", "{E0753F93-F08E-437B-96C2-FC88C0FCA608}"
EndProject
Project("{FAE04EC0-301F-11D3-BF4B-00C04F79EFBC}") = "PR5-1", "PR5-1\PR5-1.csproj", "{ED160C56-9439-4D35-B19C-2FB89133DB67}"
EndProject
Project("{FAE04EC0-301F-11D3-BF4B-00C04F79EFBC}") = "PR5-2", "PR5-2\PR5-2.csproj", "{5BD22057-D048-4431-94F1-C36B3ED753AF}"
EndProject
Project("{FAE04EC0-301F-11D3-BF4B-00C04F79EFBC}") = "PR5-3", "PR5-3\PR5-3.csproj", "{CB2988B2-56B8-41C5-AFED-465CC905F0A9}"
EndProject
Project("{FAE04EC0-301F-11D3-BF4B-00C04F79EFBC}") = "PR5-4", "PR5-4\PR5-4.csproj", "{6CC7175C-3F17-47CC-BEE4-60C784989435}"
EndProject
Project("{FAE04EC0-301F-11D3-BF4B-00C04F79EFBC}") = "PR5-5", "PR5-5\PR5-5.csproj", "{12B46BD9-A9D3-4F07-88AC-94376249B41B}"
EndProject
Project("{FAE04EC0-301F-11D3-BF4B-00C04F79EFBC}") = "PR5-6", "PR5-6\PR5-6.csproj", "{971D7743-7673-410A-81AE-67007AF1BFFF}"
EndProject
Project("{2150E333-8FDC-42A3-9474-1A3956D46DE8}") = "PR6 Variant 15", "PR6 Variant 15", "{1064D821-82DE-48C2-B443-429ED249D77D}"
EndProject
Project("{FAE04EC0-301F-11D3-BF4B-00C04F79EFBC}") = "PR6-1", "PR6-1\PR6-1.csproj", "{FAD8F836-BE5A-4511-996C-EE343FECE871}"
EndProject
Project("{FAE04EC0-301F-11D3-BF4B-00C04F79EFBC}") = "PR6-2", "PR6-2\PR6-2.csproj", "{3539E6FA-8CFE-4F1C-A0EF-42D5998568F7}"
EndProject
Project("{FAE04EC0-301F-11D3-BF4B-00C04F79EFBC}") = "PR6-3", "PR6-3\PR6-3.csproj", "{664E6DB0-7E29-42C1-8AD2-6C92CCEB09CA}"
EndProject
Project("{FAE04EC0-301F-11D3-BF4B-00C04F79EFBC}") = "PR6-4", "PR6-4\PR6-4.csproj", "{63B34696-252A-462E-8FEB-C0FAF197C6AB}"
EndProject
Project("{2150E333-8FDC-42A3-9474-1A3956D46DE8}") = "PR7 Variant 24", "PR7 Variant 24", "{5FBB1694-8CF9-437C-8BBA-59F5EF616C56}"
EndProject
Project("{FAE04EC0-301F-11D3-BF4B-00C04F79EFBC}") = "PR7-1", "PR7-1\PR7-1.csproj", "{54748A9A-6FFA-4694-8E4B-394759570D7F}"
EndProject
Project("{FAE04EC0-301F-11D3-BF4B-00C04F79EFBC}") = "PR7-2", "PR7-2\PR7-2.csproj", "{EAD02A17-9A42-4989-B99F-FD9622E1118C}"
EndProject
Project("{FAE04EC0-301F-11D3-BF4B-00C04F79EFBC}") = "PR7-3", "PR7-3\PR7-3.csproj", "{9DCA2AC1-889F-4BC4-B111-7BD1212200E5}"
EndProject
Project("{FAE04EC0-301F-11D3-BF4B-00C04F79EFBC}") = "PR7-4", "PR7-4\PR7-4.csproj", "{E2A2CEC6-D8C1-44A1-B25B-A9D42D8080E4}"
EndProject
Project("{FAE04EC0-301F-11D3-BF4B-00C04F79EFBC}") = "PR7-5", "PR7-5\PR7-5.csproj", "{3C4423F4-0D13-45C6-B75D-8E7F9806D3D9}"
EndProject
Project("{2150E333-8FDC-42A3-9474-1A3956D46DE8}") = "PR8 Variant 20", "PR8 Variant 20", "{769E0579-455D-4AD7-B486-2E85A32C9F1B}"
EndProject
Project("{2150E333-8FDC-42A3-9474-1A3956D46DE8}") = "PR9 Variant 20", "PR9 Variant 20", "{5A89306F-8CBA-4828-B09C-F58A2D45545A}"
EndProject
Project("{FAE04EC0-301F-11D3-BF4B-00C04F79EFBC}") = "PR8-1", "PR8-1\PR8-1.csproj", "{58C3F375-D814-4FF5-8318-9C9CCD5D9A81}"
EndProject
Project("{FAE04EC0-301F-11D3-BF4B-00C04F79EFBC}") = "PR8-2", "PR8-2\PR8-2.csproj", "{40503886-F9DB-4C8F-936F-14F905E127AB}"
EndProject
Project("{FAE04EC0-301F-11D3-BF4B-00C04F79EFBC}") = "PR8-3", "PR8-3\PR8-3.csproj", "{36D0C84E-624D-45D1-9BC5-0D1B88A5EB09}"
EndProject
Project("{FAE04EC0-301F-11D3-BF4B-00C04F79EFBC}") = "PR8-4", "PR8-4\PR8-4.csproj", "{03ECFBD6-7E01-4859-A762-975B790786C8}"
EndProject
Project("{FAE04EC0-301F-11D3-BF4B-00C04F79EFBC}") = "PR9-1", "PR9-1\PR9-1.csproj", "{0A8F5422-580B-4FE9-8AD3-308D432B87A4}"
EndProject
Project("{FAE04EC0-301F-11D3-BF4B-00C04F79EFBC}") = "PR9-2", "PR9-2\PR9-2.csproj", "{F0C214DA-56B8-4C1E-83A5-01850B7B8A33}"
EndProject
Project("{FAE04EC0-301F-11D3-BF4B-00C04F79EFBC}") = "PR9-3", "PR9-3\PR9-3.csproj", "{36409076-BFDA-4A21-A609-9DDE441DA93F}"
EndProject
Project("{2150E333-8FDC-42A3-9474-1A3956D46DE8}") = "PR10 Variant 13", "PR10 Variant 13", "{774FDC20-282C-4F1E-AEBC-B943C78565DD}"
EndProject
Project("{FAE04EC0-301F-11D3-BF4B-00C04F79EFBC}") = "PR10-1", "PR10-1\PR10-1.csproj", "{CEA09DC4-BDEB-4F78-9CDF-D9308853FF09}"
EndProject
Project("{FAE04EC0-301F-11D3-BF4B-00C04F79EFBC}") = "PR10-2", "PR10-2\PR10-2.csproj", "{92BB460A-DE92-44C5-B268-389A0058E8FF}"
EndProject
Project("{FAE04EC0-301F-11D3-BF4B-00C04F79EFBC}") = "PR10-3", "PR10-3\PR10-3.csproj", "{880C8110-FEEE-4F77-90D5-FD6F1E749BAF}"
EndProject
Project("{2150E333-8FDC-42A3-9474-1A3956D46DE8}") = "PR11 Variant 16", "PR11 Variant 16", "{5AB02F32-A693-42EB-A9EE-B99797CB26BB}"
EndProject
Project("{FAE04EC0-301F-11D3-BF4B-00C04F79EFBC}") = "PR11-1", "PR11-1\PR11-1.csproj", "{5C2DD864-C52F-4F5B-B019-FF9E4D6612E9}"
EndProject
Project("{FAE04EC0-301F-11D3-BF4B-00C04F79EFBC}") = "PR11-2", "PR11-2\PR11-2.csproj", "{CADD7FE7-71BE-42C6-BD37-5DF867D21A68}"
EndProject
Project("{FAE04EC0-301F-11D3-BF4B-00C04F79EFBC}") = "PR11-3", "PR11-3\PR11-3.csproj", "{15DF39B5-78AB-446F-A669-E705B7A5BD13}"
EndProject
Project("{2150E333-8FDC-42A3-9474-1A3956D46DE8}") = "PR12 Variant 17", "PR12 Variant 17", "{CED54EDA-16EB-4C52-B0D0-EDBC0C1997F4}"
EndProject
Project("{FAE04EC0-301F-11D3-BF4B-00C04F79EFBC}") = "PR12-1", "PR12-1\PR12-1.csproj", "{22F6663A-D2AE-4343-97BF-7EC9F1D15D8A}"
EndProject
Project("{FAE04EC0-301F-11D3-BF4B-00C04F79EFBC}") = "PR12-2", "PR12-2\PR12-2.csproj", "{26A8A40E-9EAC-4FCB-A1EE-614321AED4E5}"
EndProject
Project("{FAE04EC0-301F-11D3-BF4B-00C04F79EFBC}") = "PR12-3", "PR12-3\PR12-3.csproj", "{D3B319E0-D9B4-4478-BB23-9A67F4BC5343}"
EndProject
Project("{FAE04EC0-301F-11D3-BF4B-00C04F79EFBC}") = "PR12-4", "PR12-4\PR12-4.csproj", "{56314268-68AE-4803-9D17-3CD18E86D00B}"
EndProject
Project("{2150E333-8FDC-42A3-9474-1A3956D46DE8}") = "PR13 Variant 18", "PR13 Variant 18", "{D74F8BF5-9E68-45EC-876A-6F02D3FC81B0}"
EndProject
Project("{FAE04EC0-301F-11D3-BF4B-00C04F79EFBC}") = "PR13-1", "PR13-1\PR13-1.csproj", "{8EAB94E8-989B-4600-9846-58729F63EC55}"
EndProject
Project("{FAE04EC0-301F-11D3-BF4B-00C04F79EFBC}") = "PR13-2", "PR13-2\PR13-2.csproj", "{A0D9BCC9-09D2-48FF-857D-6694DEFBCEEE}"
EndProject
Project("{FAE04EC0-301F-11D3-BF4B-00C04F79EFBC}") = "PR13-3", "PR13-3\PR13-3.csproj", "{96E03359-A296-408F-AC18-C38EE5562416}"
EndProject
Project("{FAE04EC0-301F-11D3-BF4B-00C04F79EFBC}") = "PR13-4", "PR13-4\PR13-4.csproj", "{D6C3EADF-98C6-478E-BC26-D7023457727A}"
EndProject
Project("{FAE04EC0-301F-11D3-BF4B-00C04F79EFBC}") = "PR13-5", "PR13-5\PR13-5.csproj", "{750912CA-DECF-4948-97BA-C7AF8340869D}"
EndProject
Project("{2150E333-8FDC-42A3-9474-1A3956D46DE8}") = "PR14 Variant 21", "PR14 Variant 21", "{40224E78-FE94-44D7-97A2-60F64D0254E8}"
EndProject
Project("{FAE04EC0-301F-11D3-BF4B-00C04F79EFBC}") = "PR14-1", "PR14-1\PR14-1.csproj", "{A629DCD8-EEAE-435B-B415-70286920B124}"
EndProject
Project("{FAE04EC0-301F-11D3-BF4B-00C04F79EFBC}") = "PR14-2", "PR14-2\PR14-2.csproj", "{0BB65388-6464-47E4-B495-E0B690217249}"
EndProject
Project("{FAE04EC0-301F-11D3-BF4B-00C04F79EFBC}") = "PR14-3", "PR14-3\PR14-3.csproj", "{7AF0F3BE-76BE-4C80-8EDD-DDF313C3F52D}"
EndProject
Project("{FAE04EC0-301F-11D3-BF4B-00C04F79EFBC}") = "PR14-4", "PR14-4\PR14-4.csproj", "{93840CE6-31C8-46E1-BB85-069CFBEDD395}"
EndProject
Project("{FAE04EC0-301F-11D3-BF4B-00C04F79EFBC}") = "PR14-5", "PR14-5\PR14-5.csproj", "{13A05261-F8DA-4A4E-9CF8-9CE00B4DBBB8}"
EndProject
Project("{2150E333-8FDC-42A3-9474-1A3956D46DE8}") = "PR15 Variant 19", "PR15 Variant 19", "{3A10B9D9-4E78-4C8E-84CD-DDB0EBA7338F}"
EndProject
Project("{FAE04EC0-301F-11D3-BF4B-00C04F79EFBC}") = "PR15-1", "PR15-1\PR15-1.csproj", "{B975BCEC-17B6-4AA1-892A-008186813DCB}"
EndProject
Project("{FAE04EC0-301F-11D3-BF4B-00C04F79EFBC}") = "PR15-2", "PR15-2\PR15-2.csproj", "{973C9DA4-5625-458D-8FE5-68A98C052BF0}"
EndProject
Project("{FAE04EC0-301F-11D3-BF4B-00C04F79EFBC}") = "PR15-3", "PR15-3\PR15-3.csproj", "{08E25C91-F36C-436D-8642-3CFCE340B103}"
EndProject
Project("{FAE04EC0-301F-11D3-BF4B-00C04F79EFBC}") = "PR15-4", "PR15-4\PR15-4.csproj", "{A81BBA22-8E1E-449E-BE42-86F30A254585}"
EndProject
Project("{FAE04EC0-301F-11D3-BF4B-00C04F79EFBC}") = "PR15-5", "PR15-5\PR15-5.csproj", "{0A3A418C-5258-4451-AC2E-CEE4F5E358F5}"
EndProject
Project("{2150E333-8FDC-42A3-9474-1A3956D46DE8}") = "PR16 Variant 14", "PR16 Variant 14", "{A6B18350-6BD3-4FEE-97B7-60DFC3A59056}"
EndProject
Project("{FAE04EC0-301F-11D3-BF4B-00C04F79EFBC}") = "PR16-1", "PR16-1\PR16-1.csproj", "{A5F949DB-6B0F-4817-820F-E55B5C40264D}"
EndProject
Project("{FAE04EC0-301F-11D3-BF4B-00C04F79EFBC}") = "PR16-2", "PR16-2\PR16-2.csproj", "{1E53F561-3D9E-4563-A714-215EF5997653}"
EndProject
Project("{FAE04EC0-301F-11D3-BF4B-00C04F79EFBC}") = "PR16-3", "PR16-3\PR16-3.csproj", "{802B72BD-B28A-434B-AB58-057B30B483DC}"
EndProject
Project("{FAE04EC0-301F-11D3-BF4B-00C04F79EFBC}") = "PR16-4", "PR16-4\PR16-4.csproj", "{6D867A98-8DB5-4037-91EF-51ECB97F9EE8}"
EndProject
Project("{FAE04EC0-301F-11D3-BF4B-00C04F79EFBC}") = "PR16-5", "PR16-5\PR16-5.csproj", "{1F912D68-259A-40EF-96A5-1791E695E0E4}"
EndProject
Project("{FAE04EC0-301F-11D3-BF4B-00C04F79EFBC}") = "PR16-6", "PR16-6\PR16-6.csproj", "{888BA630-FB43-4383-894D-3FAB76D7B6C7}"
EndProject
Project("{2150E333-8FDC-42A3-9474-1A3956D46DE8}") = "PR17 Variant 22", "PR17 Variant 22", "{BB5FBEFE-98C2-45BE-A758-10031950DEC8}"
EndProject
Project("{FAE04EC0-301F-11D3-BF4B-00C04F79EFBC}") = "PR17-1", "PR17-1\PR17-1.csproj", "{D8DDDD5E-8D11-47DE-90AB-04094657FD13}"
EndProject
Project("{FAE04EC0-301F-11D3-BF4B-00C04F79EFBC}") = "PR17-2", "PR17-2\PR17-2.csproj", "{7800B262-8DA3-4734-B70E-526501FB7BF7}"
EndProject
Project("{FAE04EC0-301F-11D3-BF4B-00C04F79EFBC}") = "PR17-5", "PR17-5\PR17-5.csproj", "{0B94F337-E012-4C75-B819-0C1C82830E57}"
EndProject
Project("{FAE04EC0-301F-11D3-BF4B-00C04F79EFBC}") = "PR17-5-Library", "PR17-5-Library\PR17-5-Library.csproj", "{4A6290A7-1ED8-4787-8B6C-98DFF5DD008B}"
EndProject
Project("{FAE04EC0-301F-11D3-BF4B-00C04F79EFBC}") = "PR17-3", "PR17-3\PR17-3.csproj", "{ED63BB0D-AC6A-403B-9C0A-706D46889790}"
EndProject
Project("{FAE04EC0-301F-11D3-BF4B-00C04F79EFBC}") = "ShopAuto", "ShopAuto\ShopAuto.csproj", "{D720C6A5-C08B-4B3E-B72D-204A1F9D2F38}"
EndProject
Project("{FAE04EC0-301F-11D3-BF4B-00C04F79EFBC}") = "PR17-4", "PR17-4\PR17-4.csproj", "{F60FACFA-9AB6-4122-867E-324A207CE31B}"
EndProject
Project("{FAE04EC0-301F-11D3-BF4B-00C04F79EFBC}") = "MyLib", "MyLib\MyLib.csproj", "{1E1640AA-3B1A-47FC-8EB7-383DE3F15730}"
EndProject
Project("{2150E333-8FDC-42A3-9474-1A3956D46DE8}") = "PR18 Variant 24", "PR18 Variant 24", "{2640F93F-C313-402F-9553-0525633C33F7}"
EndProject
Project("{FAE04EC0-301F-11D3-BF4B-00C04F79EFBC}") = "PR18-1", "PR18-1\PR18-1.csproj", "{61AC8139-DD21-4213-B4DE-8B36A78DB44D}"
EndProject
Project("{FAE04EC0-301F-11D3-BF4B-00C04F79EFBC}") = "PR18-2", "PR18-2\PR18-2.csproj", "{7555C6B1-2977-4B49-BB2A-CC26F872DCAC}"
EndProject
Project("{FAE04EC0-301F-11D3-BF4B-00C04F79EFBC}") = "PR18-3", "PR18-3\PR18-3.csproj", "{86E9FB91-61CD-452A-BE4B-1AE4E5BA082A}"
EndProject
Project("{FAE04EC0-301F-11D3-BF4B-00C04F79EFBC}") = "PR18-4", "PR18-4\PR18-4.csproj", "{4090ADB7-826C-4532-855E-05A68FE85D17}"
EndProject
Project("{FAE04EC0-301F-11D3-BF4B-00C04F79EFBC}") = "PR18-5", "PR18-5\PR18-5.csproj", "{FA42C0B4-1D3A-4AF4-8AC4-863756CB3DAF}"
EndProject
Project("{FAE04EC0-301F-11D3-BF4B-00C04F79EFBC}") = "PR18-6", "PR18-6\PR18-6.csproj", "{87077763-EEBA-499A-A13B-BDB59F5C2DCB}"
EndProject
Project("{2150E333-8FDC-42A3-9474-1A3956D46DE8}") = "PR19 Variant 13", "PR19 Variant 13", "{8E0142EE-8CAF-4370-B97A-0281D7BF9AAE}"
EndProject
Project("{FAE04EC0-301F-11D3-BF4B-00C04F79EFBC}") = "PR19-1", "PR19-1\PR19-1.csproj", "{8B58D1AE-29FD-4C36-9762-19989E90EB6C}"
EndProject
Project("{FAE04EC0-301F-11D3-BF4B-00C04F79EFBC}") = "PR19-2", "PR19-2\PR19-2.csproj", "{0D2778DB-3674-4D01-A020-D3F8A1CEE52F}"
EndProject
Project("{FAE04EC0-301F-11D3-BF4B-00C04F79EFBC}") = "PR19-3", "PR19-3\PR19-3.csproj", "{EC4DE3BA-47DF-4C63-9192-2FB72E9956C6}"
EndProject
Project("{2150E333-8FDC-42A3-9474-1A3956D46DE8}") = "PR20 Variant 17", "PR20 Variant 17", "{0428EB3E-5AD9-4BD6-9749-29A7D17BEA05}"
EndProject
Project("{FAE04EC0-301F-11D3-BF4B-00C04F79EFBC}") = "PR20-1", "PR20-1\PR20-1.csproj", "{83319267-3D81-46B8-9DA8-A9F778B7CFDA}"
EndProject
Project("{FAE04EC0-301F-11D3-BF4B-00C04F79EFBC}") = "PR20-2", "PR20-2\PR20-2.csproj", "{1D874B05-FAFC-4B6C-9E89-24100E42DC8E}"
EndProject
Project("{FAE04EC0-301F-11D3-BF4B-00C04F79EFBC}") = "PR20-3", "PR20-3\PR20-3.csproj", "{75B829EA-4AD6-4EB3-A61D-BA4029E2E357}"
EndProject
Project("{FAE04EC0-301F-11D3-BF4B-00C04F79EFBC}") = "PR20-4", "PR20-4\PR20-4.csproj", "{EB260CCC-1F8B-4E96-97C8-C3C727660612}"
EndProject
Project("{2150E333-8FDC-42A3-9474-1A3956D46DE8}") = "PR21 Varaint 24", "PR21 Varaint 24", "{40F9BB7E-5E39-4A90-B8EA-2BCB6C6A414B}"
EndProject
Project("{FAE04EC0-301F-11D3-BF4B-00C04F79EFBC}") = "PR21-2", "PR21-2\PR21-2.csproj", "{9DDBBA15-E855-4BA1-B894-202DC919F34A}"
EndProject
Project("{FAE04EC0-301F-11D3-BF4B-00C04F79EFBC}") = "PR21-1", "PR21-1\PR21-1.csproj", "{74B4331A-A101-4337-8C1C-CCF97E0F6812}"
EndProject
Project("{2150E333-8FDC-42A3-9474-1A3956D46DE8}") = "PR22 Variant 23", "PR22 Variant 23", "{FCD677D5-7B28-452C-84DE-4C1559E501DF}"
EndProject
Project("{FAE04EC0-301F-11D3-BF4B-00C04F79EFBC}") = "PR22-1", "PR22-1\PR22-1.csproj", "{8677A533-C655-46C5-9ADD-B5D824B679CE}"
EndProject
Project("{FAE04EC0-301F-11D3-BF4B-00C04F79EFBC}") = "PR22-2", "PR22-2\PR22-2.csproj", "{8F9AE22B-4CA3-4F93-895C-63A9A525DC9D}"
EndProject
Project("{FAE04EC0-301F-11D3-BF4B-00C04F79EFBC}") = "PR22-3", "PR22-3\PR22-3.csproj", "{2DE0FF84-80B1-4BFE-9978-B0F9EF5810AD}"
EndProject
Project("{FAE04EC0-301F-11D3-BF4B-00C04F79EFBC}") = "PR22-4", "PR22-4\PR22-4.csproj", "{5A859F31-5481-4172-9943-18317B8DC978}"
EndProject
Project("{FAE04EC0-301F-11D3-BF4B-00C04F79EFBC}") = "PR22-5", "PR22-5\PR22-5.csproj", "{585C06E8-D78B-4737-BBE5-A0693C0E03C7}"
EndProject
Project("{2150E333-8FDC-42A3-9474-1A3956D46DE8}") = "PR23 Variant 15", "PR23 Variant 15", "{D0644176-2509-457F-91E4-4E7E07AFAEAA}"
EndProject
Project("{FAE04EC0-301F-11D3-BF4B-00C04F79EFBC}") = "PR23-1", "PR23-1\PR23-1.csproj", "{B5869191-3F66-4491-845F-614FCB6473BF}"
EndProject
Project("{FAE04EC0-301F-11D3-BF4B-00C04F79EFBC}") = "PR23-3", "PR23-3\PR23-3.csproj", "{751FAE97-F368-4FB9-A945-24862CB2ABF0}"
EndProject
Project("{FAE04EC0-301F-11D3-BF4B-00C04F79EFBC}") = "PR23-4", "PR23-4\PR23-4.csproj", "{2CC8D22F-7485-4D0E-96C2-482181C42710}"
EndProject
Project("{FAE04EC0-301F-11D3-BF4B-00C04F79EFBC}") = "PR23-5", "PR23-5\PR23-5.csproj", "{C2EAC18D-D922-48D8-9D13-8465F007B84E}"
EndProject
Project("{2150E333-8FDC-42A3-9474-1A3956D46DE8}") = "PR24 Variant 24", "PR24 Variant 24", "{3CFD38DB-11A4-47BA-8B71-5D1A15C17A3B}"
EndProject
Project("{FAE04EC0-301F-11D3-BF4B-00C04F79EFBC}") = "PR24-1", "PR24-1\PR24-1.csproj", "{5AF64DDA-69D8-42CE-82C9-33D3237D86B8}"
EndProject
Project("{FAE04EC0-301F-11D3-BF4B-00C04F79EFBC}") = "PR24-2", "PR24-2\PR24-2.csproj", "{A5BD53FF-375C-4B10-92A1-3B2F208EC776}"
EndProject
Project("{FAE04EC0-301F-11D3-BF4B-00C04F79EFBC}") = "PR24-3", "PR24-3\PR24-3.csproj", "{10FD7AA1-8C72-46C2-828A-A061987BB6FC}"
EndProject
Project("{FAE04EC0-301F-11D3-BF4B-00C04F79EFBC}") = "PR24-4", "PR24-4\PR24-4.csproj", "{319175B5-9F68-4E7C-901C-75E166DA8EB5}"
EndProject
Project("{FAE04EC0-301F-11D3-BF4B-00C04F79EFBC}") = "PR24-5", "PR24-5\PR24-5.csproj", "{00A2BF38-6605-456E-9473-D2638A5D23B6}"
EndProject
Project("{2150E333-8FDC-42A3-9474-1A3956D46DE8}") = "PR25 Variant 6", "PR25 Variant 6", "{54D278E4-55D0-474B-80A5-05A7BAB94D51}"
EndProject
Project("{FAE04EC0-301F-11D3-BF4B-00C04F79EFBC}") = "PR25-1", "PR25-1\PR25-1.csproj", "{F76AC85B-DD2F-4C3F-9F81-C528482CD25C}"
EndProject
Project("{FAE04EC0-301F-11D3-BF4B-00C04F79EFBC}") = "PR25-2", "PR25-2\PR25-2.csproj", "{2FA880D9-4CDE-472D-9FAF-F93978A8441C}"
EndProject
Project("{FAE04EC0-301F-11D3-BF4B-00C04F79EFBC}") = "PR25-3", "PR25-3\PR25-3.csproj", "{C6948BBE-DD58-47A6-8820-9459928C8BED}"
EndProject
Project("{FAE04EC0-301F-11D3-BF4B-00C04F79EFBC}") = "PR25-4", "PR25-4\PR25-4.csproj", "{78D2F653-9A06-4838-B4EF-58F2F99BB0A2}"
EndProject
Global
	GlobalSection(SolutionConfigurationPlatforms) = preSolution
		Debug|Any CPU = Debug|Any CPU
		Release|Any CPU = Release|Any CPU
	EndGlobalSection
	GlobalSection(ProjectConfigurationPlatforms) = postSolution
		{EECEA2D3-108A-441F-8859-4D2A9FE52821}.Debug|Any CPU.ActiveCfg = Debug|Any CPU
		{EECEA2D3-108A-441F-8859-4D2A9FE52821}.Debug|Any CPU.Build.0 = Debug|Any CPU
		{EECEA2D3-108A-441F-8859-4D2A9FE52821}.Release|Any CPU.ActiveCfg = Release|Any CPU
		{EECEA2D3-108A-441F-8859-4D2A9FE52821}.Release|Any CPU.Build.0 = Release|Any CPU
		{DD62882F-C21C-425A-83DE-1ACCB0A4A1F7}.Debug|Any CPU.ActiveCfg = Debug|Any CPU
		{DD62882F-C21C-425A-83DE-1ACCB0A4A1F7}.Debug|Any CPU.Build.0 = Debug|Any CPU
		{DD62882F-C21C-425A-83DE-1ACCB0A4A1F7}.Release|Any CPU.ActiveCfg = Release|Any CPU
		{DD62882F-C21C-425A-83DE-1ACCB0A4A1F7}.Release|Any CPU.Build.0 = Release|Any CPU
		{7A82778B-8FA4-4F3B-AA52-AC5F5D185C77}.Debug|Any CPU.ActiveCfg = Debug|Any CPU
		{7A82778B-8FA4-4F3B-AA52-AC5F5D185C77}.Debug|Any CPU.Build.0 = Debug|Any CPU
		{7A82778B-8FA4-4F3B-AA52-AC5F5D185C77}.Release|Any CPU.ActiveCfg = Release|Any CPU
		{7A82778B-8FA4-4F3B-AA52-AC5F5D185C77}.Release|Any CPU.Build.0 = Release|Any CPU
		{2A760B4A-B103-4350-915A-78D455BCC397}.Debug|Any CPU.ActiveCfg = Debug|Any CPU
		{2A760B4A-B103-4350-915A-78D455BCC397}.Debug|Any CPU.Build.0 = Debug|Any CPU
		{2A760B4A-B103-4350-915A-78D455BCC397}.Release|Any CPU.ActiveCfg = Release|Any CPU
		{2A760B4A-B103-4350-915A-78D455BCC397}.Release|Any CPU.Build.0 = Release|Any CPU
		{45CE77FF-9FDA-4E01-A420-A1C00B41BACC}.Debug|Any CPU.ActiveCfg = Debug|Any CPU
		{45CE77FF-9FDA-4E01-A420-A1C00B41BACC}.Debug|Any CPU.Build.0 = Debug|Any CPU
		{45CE77FF-9FDA-4E01-A420-A1C00B41BACC}.Release|Any CPU.ActiveCfg = Release|Any CPU
		{45CE77FF-9FDA-4E01-A420-A1C00B41BACC}.Release|Any CPU.Build.0 = Release|Any CPU
		{3DEDED5C-A4BB-4716-BEDC-969BB70ED1B6}.Debug|Any CPU.ActiveCfg = Debug|Any CPU
		{3DEDED5C-A4BB-4716-BEDC-969BB70ED1B6}.Debug|Any CPU.Build.0 = Debug|Any CPU
		{3DEDED5C-A4BB-4716-BEDC-969BB70ED1B6}.Release|Any CPU.ActiveCfg = Release|Any CPU
		{3DEDED5C-A4BB-4716-BEDC-969BB70ED1B6}.Release|Any CPU.Build.0 = Release|Any CPU
		{B0A8889F-E1F2-40CC-84CE-35D36AE5653A}.Debug|Any CPU.ActiveCfg = Debug|Any CPU
		{B0A8889F-E1F2-40CC-84CE-35D36AE5653A}.Debug|Any CPU.Build.0 = Debug|Any CPU
		{B0A8889F-E1F2-40CC-84CE-35D36AE5653A}.Release|Any CPU.ActiveCfg = Release|Any CPU
		{B0A8889F-E1F2-40CC-84CE-35D36AE5653A}.Release|Any CPU.Build.0 = Release|Any CPU
		{9471C395-2DBC-4689-AA2E-68E1BCE6BDDD}.Debug|Any CPU.ActiveCfg = Debug|Any CPU
		{9471C395-2DBC-4689-AA2E-68E1BCE6BDDD}.Debug|Any CPU.Build.0 = Debug|Any CPU
		{9471C395-2DBC-4689-AA2E-68E1BCE6BDDD}.Release|Any CPU.ActiveCfg = Release|Any CPU
		{9471C395-2DBC-4689-AA2E-68E1BCE6BDDD}.Release|Any CPU.Build.0 = Release|Any CPU
		{69F3643C-9519-4061-A094-1B24590689B3}.Debug|Any CPU.ActiveCfg = Debug|Any CPU
		{69F3643C-9519-4061-A094-1B24590689B3}.Debug|Any CPU.Build.0 = Debug|Any CPU
		{69F3643C-9519-4061-A094-1B24590689B3}.Release|Any CPU.ActiveCfg = Release|Any CPU
		{69F3643C-9519-4061-A094-1B24590689B3}.Release|Any CPU.Build.0 = Release|Any CPU
		{7EB25F75-6B75-4C9F-B961-013DDA2B5CB2}.Debug|Any CPU.ActiveCfg = Debug|Any CPU
		{7EB25F75-6B75-4C9F-B961-013DDA2B5CB2}.Debug|Any CPU.Build.0 = Debug|Any CPU
		{7EB25F75-6B75-4C9F-B961-013DDA2B5CB2}.Release|Any CPU.ActiveCfg = Release|Any CPU
		{7EB25F75-6B75-4C9F-B961-013DDA2B5CB2}.Release|Any CPU.Build.0 = Release|Any CPU
		{7A9B6807-2933-473A-A595-7EE9BF784D72}.Debug|Any CPU.ActiveCfg = Debug|Any CPU
		{7A9B6807-2933-473A-A595-7EE9BF784D72}.Debug|Any CPU.Build.0 = Debug|Any CPU
		{7A9B6807-2933-473A-A595-7EE9BF784D72}.Release|Any CPU.ActiveCfg = Release|Any CPU
		{7A9B6807-2933-473A-A595-7EE9BF784D72}.Release|Any CPU.Build.0 = Release|Any CPU
		{A6B4377C-F39E-4030-82A6-BEA67DE4909F}.Debug|Any CPU.ActiveCfg = Debug|Any CPU
		{A6B4377C-F39E-4030-82A6-BEA67DE4909F}.Debug|Any CPU.Build.0 = Debug|Any CPU
		{A6B4377C-F39E-4030-82A6-BEA67DE4909F}.Release|Any CPU.ActiveCfg = Release|Any CPU
		{A6B4377C-F39E-4030-82A6-BEA67DE4909F}.Release|Any CPU.Build.0 = Release|Any CPU
		{4E33999A-F24A-401D-8E68-79F0EA0687A0}.Debug|Any CPU.ActiveCfg = Debug|Any CPU
		{4E33999A-F24A-401D-8E68-79F0EA0687A0}.Debug|Any CPU.Build.0 = Debug|Any CPU
		{4E33999A-F24A-401D-8E68-79F0EA0687A0}.Release|Any CPU.ActiveCfg = Release|Any CPU
		{4E33999A-F24A-401D-8E68-79F0EA0687A0}.Release|Any CPU.Build.0 = Release|Any CPU
		{ADAB8A74-8D33-4048-A7BD-A1F53210CD35}.Debug|Any CPU.ActiveCfg = Debug|Any CPU
		{ADAB8A74-8D33-4048-A7BD-A1F53210CD35}.Debug|Any CPU.Build.0 = Debug|Any CPU
		{ADAB8A74-8D33-4048-A7BD-A1F53210CD35}.Release|Any CPU.ActiveCfg = Release|Any CPU
		{ADAB8A74-8D33-4048-A7BD-A1F53210CD35}.Release|Any CPU.Build.0 = Release|Any CPU
		{8F69D824-8D16-4BBB-8CF0-789C7B377760}.Debug|Any CPU.ActiveCfg = Debug|Any CPU
		{8F69D824-8D16-4BBB-8CF0-789C7B377760}.Debug|Any CPU.Build.0 = Debug|Any CPU
		{8F69D824-8D16-4BBB-8CF0-789C7B377760}.Release|Any CPU.ActiveCfg = Release|Any CPU
		{8F69D824-8D16-4BBB-8CF0-789C7B377760}.Release|Any CPU.Build.0 = Release|Any CPU
		{BF7A1494-065F-4865-86E4-E91732B6E85A}.Debug|Any CPU.ActiveCfg = Debug|Any CPU
		{BF7A1494-065F-4865-86E4-E91732B6E85A}.Debug|Any CPU.Build.0 = Debug|Any CPU
		{BF7A1494-065F-4865-86E4-E91732B6E85A}.Release|Any CPU.ActiveCfg = Release|Any CPU
		{BF7A1494-065F-4865-86E4-E91732B6E85A}.Release|Any CPU.Build.0 = Release|Any CPU
		{93AE526F-B1AE-4BD0-A6BE-B1B579C744E1}.Debug|Any CPU.ActiveCfg = Debug|Any CPU
		{93AE526F-B1AE-4BD0-A6BE-B1B579C744E1}.Debug|Any CPU.Build.0 = Debug|Any CPU
		{93AE526F-B1AE-4BD0-A6BE-B1B579C744E1}.Release|Any CPU.ActiveCfg = Release|Any CPU
		{93AE526F-B1AE-4BD0-A6BE-B1B579C744E1}.Release|Any CPU.Build.0 = Release|Any CPU
		{37956F95-882B-4476-95BC-72CE40C06D8D}.Debug|Any CPU.ActiveCfg = Debug|Any CPU
		{37956F95-882B-4476-95BC-72CE40C06D8D}.Debug|Any CPU.Build.0 = Debug|Any CPU
		{37956F95-882B-4476-95BC-72CE40C06D8D}.Release|Any CPU.ActiveCfg = Release|Any CPU
		{37956F95-882B-4476-95BC-72CE40C06D8D}.Release|Any CPU.Build.0 = Release|Any CPU
		{42C3143D-0511-4CD2-A61D-2920C745F6D5}.Debug|Any CPU.ActiveCfg = Debug|Any CPU
		{42C3143D-0511-4CD2-A61D-2920C745F6D5}.Debug|Any CPU.Build.0 = Debug|Any CPU
		{42C3143D-0511-4CD2-A61D-2920C745F6D5}.Release|Any CPU.ActiveCfg = Release|Any CPU
		{42C3143D-0511-4CD2-A61D-2920C745F6D5}.Release|Any CPU.Build.0 = Release|Any CPU
		{2219409B-0573-4335-A67B-D1F3284CE9B3}.Debug|Any CPU.ActiveCfg = Debug|Any CPU
		{2219409B-0573-4335-A67B-D1F3284CE9B3}.Debug|Any CPU.Build.0 = Debug|Any CPU
		{2219409B-0573-4335-A67B-D1F3284CE9B3}.Release|Any CPU.ActiveCfg = Release|Any CPU
		{2219409B-0573-4335-A67B-D1F3284CE9B3}.Release|Any CPU.Build.0 = Release|Any CPU
		{F29AB730-5EE0-4778-8798-E28FED5ED82F}.Debug|Any CPU.ActiveCfg = Debug|Any CPU
		{F29AB730-5EE0-4778-8798-E28FED5ED82F}.Debug|Any CPU.Build.0 = Debug|Any CPU
		{F29AB730-5EE0-4778-8798-E28FED5ED82F}.Release|Any CPU.ActiveCfg = Release|Any CPU
		{F29AB730-5EE0-4778-8798-E28FED5ED82F}.Release|Any CPU.Build.0 = Release|Any CPU
		{ED160C56-9439-4D35-B19C-2FB89133DB67}.Debug|Any CPU.ActiveCfg = Debug|Any CPU
		{ED160C56-9439-4D35-B19C-2FB89133DB67}.Debug|Any CPU.Build.0 = Debug|Any CPU
		{ED160C56-9439-4D35-B19C-2FB89133DB67}.Release|Any CPU.ActiveCfg = Release|Any CPU
		{ED160C56-9439-4D35-B19C-2FB89133DB67}.Release|Any CPU.Build.0 = Release|Any CPU
		{5BD22057-D048-4431-94F1-C36B3ED753AF}.Debug|Any CPU.ActiveCfg = Debug|Any CPU
		{5BD22057-D048-4431-94F1-C36B3ED753AF}.Debug|Any CPU.Build.0 = Debug|Any CPU
		{5BD22057-D048-4431-94F1-C36B3ED753AF}.Release|Any CPU.ActiveCfg = Release|Any CPU
		{5BD22057-D048-4431-94F1-C36B3ED753AF}.Release|Any CPU.Build.0 = Release|Any CPU
		{CB2988B2-56B8-41C5-AFED-465CC905F0A9}.Debug|Any CPU.ActiveCfg = Debug|Any CPU
		{CB2988B2-56B8-41C5-AFED-465CC905F0A9}.Debug|Any CPU.Build.0 = Debug|Any CPU
		{CB2988B2-56B8-41C5-AFED-465CC905F0A9}.Release|Any CPU.ActiveCfg = Release|Any CPU
		{CB2988B2-56B8-41C5-AFED-465CC905F0A9}.Release|Any CPU.Build.0 = Release|Any CPU
		{6CC7175C-3F17-47CC-BEE4-60C784989435}.Debug|Any CPU.ActiveCfg = Debug|Any CPU
		{6CC7175C-3F17-47CC-BEE4-60C784989435}.Debug|Any CPU.Build.0 = Debug|Any CPU
		{6CC7175C-3F17-47CC-BEE4-60C784989435}.Release|Any CPU.ActiveCfg = Release|Any CPU
		{6CC7175C-3F17-47CC-BEE4-60C784989435}.Release|Any CPU.Build.0 = Release|Any CPU
		{12B46BD9-A9D3-4F07-88AC-94376249B41B}.Debug|Any CPU.ActiveCfg = Debug|Any CPU
		{12B46BD9-A9D3-4F07-88AC-94376249B41B}.Debug|Any CPU.Build.0 = Debug|Any CPU
		{12B46BD9-A9D3-4F07-88AC-94376249B41B}.Release|Any CPU.ActiveCfg = Release|Any CPU
		{12B46BD9-A9D3-4F07-88AC-94376249B41B}.Release|Any CPU.Build.0 = Release|Any CPU
		{971D7743-7673-410A-81AE-67007AF1BFFF}.Debug|Any CPU.ActiveCfg = Debug|Any CPU
		{971D7743-7673-410A-81AE-67007AF1BFFF}.Debug|Any CPU.Build.0 = Debug|Any CPU
		{971D7743-7673-410A-81AE-67007AF1BFFF}.Release|Any CPU.ActiveCfg = Release|Any CPU
		{971D7743-7673-410A-81AE-67007AF1BFFF}.Release|Any CPU.Build.0 = Release|Any CPU
		{FAD8F836-BE5A-4511-996C-EE343FECE871}.Debug|Any CPU.ActiveCfg = Debug|Any CPU
		{FAD8F836-BE5A-4511-996C-EE343FECE871}.Debug|Any CPU.Build.0 = Debug|Any CPU
		{FAD8F836-BE5A-4511-996C-EE343FECE871}.Release|Any CPU.ActiveCfg = Release|Any CPU
		{FAD8F836-BE5A-4511-996C-EE343FECE871}.Release|Any CPU.Build.0 = Release|Any CPU
		{3539E6FA-8CFE-4F1C-A0EF-42D5998568F7}.Debug|Any CPU.ActiveCfg = Debug|Any CPU
		{3539E6FA-8CFE-4F1C-A0EF-42D5998568F7}.Debug|Any CPU.Build.0 = Debug|Any CPU
		{3539E6FA-8CFE-4F1C-A0EF-42D5998568F7}.Release|Any CPU.ActiveCfg = Release|Any CPU
		{3539E6FA-8CFE-4F1C-A0EF-42D5998568F7}.Release|Any CPU.Build.0 = Release|Any CPU
		{664E6DB0-7E29-42C1-8AD2-6C92CCEB09CA}.Debug|Any CPU.ActiveCfg = Debug|Any CPU
		{664E6DB0-7E29-42C1-8AD2-6C92CCEB09CA}.Debug|Any CPU.Build.0 = Debug|Any CPU
		{664E6DB0-7E29-42C1-8AD2-6C92CCEB09CA}.Release|Any CPU.ActiveCfg = Release|Any CPU
		{664E6DB0-7E29-42C1-8AD2-6C92CCEB09CA}.Release|Any CPU.Build.0 = Release|Any CPU
		{63B34696-252A-462E-8FEB-C0FAF197C6AB}.Debug|Any CPU.ActiveCfg = Debug|Any CPU
		{63B34696-252A-462E-8FEB-C0FAF197C6AB}.Debug|Any CPU.Build.0 = Debug|Any CPU
		{63B34696-252A-462E-8FEB-C0FAF197C6AB}.Release|Any CPU.ActiveCfg = Release|Any CPU
		{63B34696-252A-462E-8FEB-C0FAF197C6AB}.Release|Any CPU.Build.0 = Release|Any CPU
		{54748A9A-6FFA-4694-8E4B-394759570D7F}.Debug|Any CPU.ActiveCfg = Debug|Any CPU
		{54748A9A-6FFA-4694-8E4B-394759570D7F}.Debug|Any CPU.Build.0 = Debug|Any CPU
		{54748A9A-6FFA-4694-8E4B-394759570D7F}.Release|Any CPU.ActiveCfg = Release|Any CPU
		{54748A9A-6FFA-4694-8E4B-394759570D7F}.Release|Any CPU.Build.0 = Release|Any CPU
		{EAD02A17-9A42-4989-B99F-FD9622E1118C}.Debug|Any CPU.ActiveCfg = Debug|Any CPU
		{EAD02A17-9A42-4989-B99F-FD9622E1118C}.Debug|Any CPU.Build.0 = Debug|Any CPU
		{EAD02A17-9A42-4989-B99F-FD9622E1118C}.Release|Any CPU.ActiveCfg = Release|Any CPU
		{EAD02A17-9A42-4989-B99F-FD9622E1118C}.Release|Any CPU.Build.0 = Release|Any CPU
		{9DCA2AC1-889F-4BC4-B111-7BD1212200E5}.Debug|Any CPU.ActiveCfg = Debug|Any CPU
		{9DCA2AC1-889F-4BC4-B111-7BD1212200E5}.Debug|Any CPU.Build.0 = Debug|Any CPU
		{9DCA2AC1-889F-4BC4-B111-7BD1212200E5}.Release|Any CPU.ActiveCfg = Release|Any CPU
		{9DCA2AC1-889F-4BC4-B111-7BD1212200E5}.Release|Any CPU.Build.0 = Release|Any CPU
		{E2A2CEC6-D8C1-44A1-B25B-A9D42D8080E4}.Debug|Any CPU.ActiveCfg = Debug|Any CPU
		{E2A2CEC6-D8C1-44A1-B25B-A9D42D8080E4}.Debug|Any CPU.Build.0 = Debug|Any CPU
		{E2A2CEC6-D8C1-44A1-B25B-A9D42D8080E4}.Release|Any CPU.ActiveCfg = Release|Any CPU
		{E2A2CEC6-D8C1-44A1-B25B-A9D42D8080E4}.Release|Any CPU.Build.0 = Release|Any CPU
		{3C4423F4-0D13-45C6-B75D-8E7F9806D3D9}.Debug|Any CPU.ActiveCfg = Debug|Any CPU
		{3C4423F4-0D13-45C6-B75D-8E7F9806D3D9}.Debug|Any CPU.Build.0 = Debug|Any CPU
		{3C4423F4-0D13-45C6-B75D-8E7F9806D3D9}.Release|Any CPU.ActiveCfg = Release|Any CPU
		{3C4423F4-0D13-45C6-B75D-8E7F9806D3D9}.Release|Any CPU.Build.0 = Release|Any CPU
		{58C3F375-D814-4FF5-8318-9C9CCD5D9A81}.Debug|Any CPU.ActiveCfg = Debug|Any CPU
		{58C3F375-D814-4FF5-8318-9C9CCD5D9A81}.Debug|Any CPU.Build.0 = Debug|Any CPU
		{58C3F375-D814-4FF5-8318-9C9CCD5D9A81}.Release|Any CPU.ActiveCfg = Release|Any CPU
		{58C3F375-D814-4FF5-8318-9C9CCD5D9A81}.Release|Any CPU.Build.0 = Release|Any CPU
		{40503886-F9DB-4C8F-936F-14F905E127AB}.Debug|Any CPU.ActiveCfg = Debug|Any CPU
		{40503886-F9DB-4C8F-936F-14F905E127AB}.Debug|Any CPU.Build.0 = Debug|Any CPU
		{40503886-F9DB-4C8F-936F-14F905E127AB}.Release|Any CPU.ActiveCfg = Release|Any CPU
		{40503886-F9DB-4C8F-936F-14F905E127AB}.Release|Any CPU.Build.0 = Release|Any CPU
		{36D0C84E-624D-45D1-9BC5-0D1B88A5EB09}.Debug|Any CPU.ActiveCfg = Debug|Any CPU
		{36D0C84E-624D-45D1-9BC5-0D1B88A5EB09}.Debug|Any CPU.Build.0 = Debug|Any CPU
		{36D0C84E-624D-45D1-9BC5-0D1B88A5EB09}.Release|Any CPU.ActiveCfg = Release|Any CPU
		{36D0C84E-624D-45D1-9BC5-0D1B88A5EB09}.Release|Any CPU.Build.0 = Release|Any CPU
		{03ECFBD6-7E01-4859-A762-975B790786C8}.Debug|Any CPU.ActiveCfg = Debug|Any CPU
		{03ECFBD6-7E01-4859-A762-975B790786C8}.Debug|Any CPU.Build.0 = Debug|Any CPU
		{03ECFBD6-7E01-4859-A762-975B790786C8}.Release|Any CPU.ActiveCfg = Release|Any CPU
		{03ECFBD6-7E01-4859-A762-975B790786C8}.Release|Any CPU.Build.0 = Release|Any CPU
		{0A8F5422-580B-4FE9-8AD3-308D432B87A4}.Debug|Any CPU.ActiveCfg = Debug|Any CPU
		{0A8F5422-580B-4FE9-8AD3-308D432B87A4}.Debug|Any CPU.Build.0 = Debug|Any CPU
		{0A8F5422-580B-4FE9-8AD3-308D432B87A4}.Release|Any CPU.ActiveCfg = Release|Any CPU
		{0A8F5422-580B-4FE9-8AD3-308D432B87A4}.Release|Any CPU.Build.0 = Release|Any CPU
		{F0C214DA-56B8-4C1E-83A5-01850B7B8A33}.Debug|Any CPU.ActiveCfg = Debug|Any CPU
		{F0C214DA-56B8-4C1E-83A5-01850B7B8A33}.Debug|Any CPU.Build.0 = Debug|Any CPU
		{F0C214DA-56B8-4C1E-83A5-01850B7B8A33}.Release|Any CPU.ActiveCfg = Release|Any CPU
		{F0C214DA-56B8-4C1E-83A5-01850B7B8A33}.Release|Any CPU.Build.0 = Release|Any CPU
		{36409076-BFDA-4A21-A609-9DDE441DA93F}.Debug|Any CPU.ActiveCfg = Debug|Any CPU
		{36409076-BFDA-4A21-A609-9DDE441DA93F}.Debug|Any CPU.Build.0 = Debug|Any CPU
		{36409076-BFDA-4A21-A609-9DDE441DA93F}.Release|Any CPU.ActiveCfg = Release|Any CPU
		{36409076-BFDA-4A21-A609-9DDE441DA93F}.Release|Any CPU.Build.0 = Release|Any CPU
		{CEA09DC4-BDEB-4F78-9CDF-D9308853FF09}.Debug|Any CPU.ActiveCfg = Debug|Any CPU
		{CEA09DC4-BDEB-4F78-9CDF-D9308853FF09}.Debug|Any CPU.Build.0 = Debug|Any CPU
		{CEA09DC4-BDEB-4F78-9CDF-D9308853FF09}.Release|Any CPU.ActiveCfg = Release|Any CPU
		{CEA09DC4-BDEB-4F78-9CDF-D9308853FF09}.Release|Any CPU.Build.0 = Release|Any CPU
		{92BB460A-DE92-44C5-B268-389A0058E8FF}.Debug|Any CPU.ActiveCfg = Debug|Any CPU
		{92BB460A-DE92-44C5-B268-389A0058E8FF}.Debug|Any CPU.Build.0 = Debug|Any CPU
		{92BB460A-DE92-44C5-B268-389A0058E8FF}.Release|Any CPU.ActiveCfg = Release|Any CPU
		{92BB460A-DE92-44C5-B268-389A0058E8FF}.Release|Any CPU.Build.0 = Release|Any CPU
		{880C8110-FEEE-4F77-90D5-FD6F1E749BAF}.Debug|Any CPU.ActiveCfg = Debug|Any CPU
		{880C8110-FEEE-4F77-90D5-FD6F1E749BAF}.Debug|Any CPU.Build.0 = Debug|Any CPU
		{880C8110-FEEE-4F77-90D5-FD6F1E749BAF}.Release|Any CPU.ActiveCfg = Release|Any CPU
		{880C8110-FEEE-4F77-90D5-FD6F1E749BAF}.Release|Any CPU.Build.0 = Release|Any CPU
		{5C2DD864-C52F-4F5B-B019-FF9E4D6612E9}.Debug|Any CPU.ActiveCfg = Debug|Any CPU
		{5C2DD864-C52F-4F5B-B019-FF9E4D6612E9}.Debug|Any CPU.Build.0 = Debug|Any CPU
		{5C2DD864-C52F-4F5B-B019-FF9E4D6612E9}.Release|Any CPU.ActiveCfg = Release|Any CPU
		{5C2DD864-C52F-4F5B-B019-FF9E4D6612E9}.Release|Any CPU.Build.0 = Release|Any CPU
		{CADD7FE7-71BE-42C6-BD37-5DF867D21A68}.Debug|Any CPU.ActiveCfg = Debug|Any CPU
		{CADD7FE7-71BE-42C6-BD37-5DF867D21A68}.Debug|Any CPU.Build.0 = Debug|Any CPU
		{CADD7FE7-71BE-42C6-BD37-5DF867D21A68}.Release|Any CPU.ActiveCfg = Release|Any CPU
		{CADD7FE7-71BE-42C6-BD37-5DF867D21A68}.Release|Any CPU.Build.0 = Release|Any CPU
		{15DF39B5-78AB-446F-A669-E705B7A5BD13}.Debug|Any CPU.ActiveCfg = Debug|Any CPU
		{15DF39B5-78AB-446F-A669-E705B7A5BD13}.Debug|Any CPU.Build.0 = Debug|Any CPU
		{15DF39B5-78AB-446F-A669-E705B7A5BD13}.Release|Any CPU.ActiveCfg = Release|Any CPU
		{15DF39B5-78AB-446F-A669-E705B7A5BD13}.Release|Any CPU.Build.0 = Release|Any CPU
		{22F6663A-D2AE-4343-97BF-7EC9F1D15D8A}.Debug|Any CPU.ActiveCfg = Debug|Any CPU
		{22F6663A-D2AE-4343-97BF-7EC9F1D15D8A}.Debug|Any CPU.Build.0 = Debug|Any CPU
		{22F6663A-D2AE-4343-97BF-7EC9F1D15D8A}.Release|Any CPU.ActiveCfg = Release|Any CPU
		{22F6663A-D2AE-4343-97BF-7EC9F1D15D8A}.Release|Any CPU.Build.0 = Release|Any CPU
		{26A8A40E-9EAC-4FCB-A1EE-614321AED4E5}.Debug|Any CPU.ActiveCfg = Debug|Any CPU
		{26A8A40E-9EAC-4FCB-A1EE-614321AED4E5}.Debug|Any CPU.Build.0 = Debug|Any CPU
		{26A8A40E-9EAC-4FCB-A1EE-614321AED4E5}.Release|Any CPU.ActiveCfg = Release|Any CPU
		{26A8A40E-9EAC-4FCB-A1EE-614321AED4E5}.Release|Any CPU.Build.0 = Release|Any CPU
		{D3B319E0-D9B4-4478-BB23-9A67F4BC5343}.Debug|Any CPU.ActiveCfg = Debug|Any CPU
		{D3B319E0-D9B4-4478-BB23-9A67F4BC5343}.Debug|Any CPU.Build.0 = Debug|Any CPU
		{D3B319E0-D9B4-4478-BB23-9A67F4BC5343}.Release|Any CPU.ActiveCfg = Release|Any CPU
		{D3B319E0-D9B4-4478-BB23-9A67F4BC5343}.Release|Any CPU.Build.0 = Release|Any CPU
		{56314268-68AE-4803-9D17-3CD18E86D00B}.Debug|Any CPU.ActiveCfg = Debug|Any CPU
		{56314268-68AE-4803-9D17-3CD18E86D00B}.Debug|Any CPU.Build.0 = Debug|Any CPU
		{56314268-68AE-4803-9D17-3CD18E86D00B}.Release|Any CPU.ActiveCfg = Release|Any CPU
		{56314268-68AE-4803-9D17-3CD18E86D00B}.Release|Any CPU.Build.0 = Release|Any CPU
		{8EAB94E8-989B-4600-9846-58729F63EC55}.Debug|Any CPU.ActiveCfg = Debug|Any CPU
		{8EAB94E8-989B-4600-9846-58729F63EC55}.Debug|Any CPU.Build.0 = Debug|Any CPU
		{8EAB94E8-989B-4600-9846-58729F63EC55}.Release|Any CPU.ActiveCfg = Release|Any CPU
		{8EAB94E8-989B-4600-9846-58729F63EC55}.Release|Any CPU.Build.0 = Release|Any CPU
		{A0D9BCC9-09D2-48FF-857D-6694DEFBCEEE}.Debug|Any CPU.ActiveCfg = Debug|Any CPU
		{A0D9BCC9-09D2-48FF-857D-6694DEFBCEEE}.Debug|Any CPU.Build.0 = Debug|Any CPU
		{A0D9BCC9-09D2-48FF-857D-6694DEFBCEEE}.Release|Any CPU.ActiveCfg = Release|Any CPU
		{A0D9BCC9-09D2-48FF-857D-6694DEFBCEEE}.Release|Any CPU.Build.0 = Release|Any CPU
		{96E03359-A296-408F-AC18-C38EE5562416}.Debug|Any CPU.ActiveCfg = Debug|Any CPU
		{96E03359-A296-408F-AC18-C38EE5562416}.Debug|Any CPU.Build.0 = Debug|Any CPU
		{96E03359-A296-408F-AC18-C38EE5562416}.Release|Any CPU.ActiveCfg = Release|Any CPU
		{96E03359-A296-408F-AC18-C38EE5562416}.Release|Any CPU.Build.0 = Release|Any CPU
		{D6C3EADF-98C6-478E-BC26-D7023457727A}.Debug|Any CPU.ActiveCfg = Debug|Any CPU
		{D6C3EADF-98C6-478E-BC26-D7023457727A}.Debug|Any CPU.Build.0 = Debug|Any CPU
		{D6C3EADF-98C6-478E-BC26-D7023457727A}.Release|Any CPU.ActiveCfg = Release|Any CPU
		{D6C3EADF-98C6-478E-BC26-D7023457727A}.Release|Any CPU.Build.0 = Release|Any CPU
		{750912CA-DECF-4948-97BA-C7AF8340869D}.Debug|Any CPU.ActiveCfg = Debug|Any CPU
		{750912CA-DECF-4948-97BA-C7AF8340869D}.Debug|Any CPU.Build.0 = Debug|Any CPU
		{750912CA-DECF-4948-97BA-C7AF8340869D}.Release|Any CPU.ActiveCfg = Release|Any CPU
		{750912CA-DECF-4948-97BA-C7AF8340869D}.Release|Any CPU.Build.0 = Release|Any CPU
		{A629DCD8-EEAE-435B-B415-70286920B124}.Debug|Any CPU.ActiveCfg = Debug|Any CPU
		{A629DCD8-EEAE-435B-B415-70286920B124}.Debug|Any CPU.Build.0 = Debug|Any CPU
		{A629DCD8-EEAE-435B-B415-70286920B124}.Release|Any CPU.ActiveCfg = Release|Any CPU
		{A629DCD8-EEAE-435B-B415-70286920B124}.Release|Any CPU.Build.0 = Release|Any CPU
		{0BB65388-6464-47E4-B495-E0B690217249}.Debug|Any CPU.ActiveCfg = Debug|Any CPU
		{0BB65388-6464-47E4-B495-E0B690217249}.Debug|Any CPU.Build.0 = Debug|Any CPU
		{0BB65388-6464-47E4-B495-E0B690217249}.Release|Any CPU.ActiveCfg = Release|Any CPU
		{0BB65388-6464-47E4-B495-E0B690217249}.Release|Any CPU.Build.0 = Release|Any CPU
		{7AF0F3BE-76BE-4C80-8EDD-DDF313C3F52D}.Debug|Any CPU.ActiveCfg = Debug|Any CPU
		{7AF0F3BE-76BE-4C80-8EDD-DDF313C3F52D}.Debug|Any CPU.Build.0 = Debug|Any CPU
		{7AF0F3BE-76BE-4C80-8EDD-DDF313C3F52D}.Release|Any CPU.ActiveCfg = Release|Any CPU
		{7AF0F3BE-76BE-4C80-8EDD-DDF313C3F52D}.Release|Any CPU.Build.0 = Release|Any CPU
		{93840CE6-31C8-46E1-BB85-069CFBEDD395}.Debug|Any CPU.ActiveCfg = Debug|Any CPU
		{93840CE6-31C8-46E1-BB85-069CFBEDD395}.Debug|Any CPU.Build.0 = Debug|Any CPU
		{93840CE6-31C8-46E1-BB85-069CFBEDD395}.Release|Any CPU.ActiveCfg = Release|Any CPU
		{93840CE6-31C8-46E1-BB85-069CFBEDD395}.Release|Any CPU.Build.0 = Release|Any CPU
		{13A05261-F8DA-4A4E-9CF8-9CE00B4DBBB8}.Debug|Any CPU.ActiveCfg = Debug|Any CPU
		{13A05261-F8DA-4A4E-9CF8-9CE00B4DBBB8}.Debug|Any CPU.Build.0 = Debug|Any CPU
		{13A05261-F8DA-4A4E-9CF8-9CE00B4DBBB8}.Release|Any CPU.ActiveCfg = Release|Any CPU
		{13A05261-F8DA-4A4E-9CF8-9CE00B4DBBB8}.Release|Any CPU.Build.0 = Release|Any CPU
		{B975BCEC-17B6-4AA1-892A-008186813DCB}.Debug|Any CPU.ActiveCfg = Debug|Any CPU
		{B975BCEC-17B6-4AA1-892A-008186813DCB}.Debug|Any CPU.Build.0 = Debug|Any CPU
		{B975BCEC-17B6-4AA1-892A-008186813DCB}.Release|Any CPU.ActiveCfg = Release|Any CPU
		{B975BCEC-17B6-4AA1-892A-008186813DCB}.Release|Any CPU.Build.0 = Release|Any CPU
		{973C9DA4-5625-458D-8FE5-68A98C052BF0}.Debug|Any CPU.ActiveCfg = Debug|Any CPU
		{973C9DA4-5625-458D-8FE5-68A98C052BF0}.Debug|Any CPU.Build.0 = Debug|Any CPU
		{973C9DA4-5625-458D-8FE5-68A98C052BF0}.Release|Any CPU.ActiveCfg = Release|Any CPU
		{973C9DA4-5625-458D-8FE5-68A98C052BF0}.Release|Any CPU.Build.0 = Release|Any CPU
		{08E25C91-F36C-436D-8642-3CFCE340B103}.Debug|Any CPU.ActiveCfg = Debug|Any CPU
		{08E25C91-F36C-436D-8642-3CFCE340B103}.Debug|Any CPU.Build.0 = Debug|Any CPU
		{08E25C91-F36C-436D-8642-3CFCE340B103}.Release|Any CPU.ActiveCfg = Release|Any CPU
		{08E25C91-F36C-436D-8642-3CFCE340B103}.Release|Any CPU.Build.0 = Release|Any CPU
		{A81BBA22-8E1E-449E-BE42-86F30A254585}.Debug|Any CPU.ActiveCfg = Debug|Any CPU
		{A81BBA22-8E1E-449E-BE42-86F30A254585}.Debug|Any CPU.Build.0 = Debug|Any CPU
		{A81BBA22-8E1E-449E-BE42-86F30A254585}.Release|Any CPU.ActiveCfg = Release|Any CPU
		{A81BBA22-8E1E-449E-BE42-86F30A254585}.Release|Any CPU.Build.0 = Release|Any CPU
		{0A3A418C-5258-4451-AC2E-CEE4F5E358F5}.Debug|Any CPU.ActiveCfg = Debug|Any CPU
		{0A3A418C-5258-4451-AC2E-CEE4F5E358F5}.Debug|Any CPU.Build.0 = Debug|Any CPU
		{0A3A418C-5258-4451-AC2E-CEE4F5E358F5}.Release|Any CPU.ActiveCfg = Release|Any CPU
		{0A3A418C-5258-4451-AC2E-CEE4F5E358F5}.Release|Any CPU.Build.0 = Release|Any CPU
		{A5F949DB-6B0F-4817-820F-E55B5C40264D}.Debug|Any CPU.ActiveCfg = Debug|Any CPU
		{A5F949DB-6B0F-4817-820F-E55B5C40264D}.Debug|Any CPU.Build.0 = Debug|Any CPU
		{A5F949DB-6B0F-4817-820F-E55B5C40264D}.Release|Any CPU.ActiveCfg = Release|Any CPU
		{A5F949DB-6B0F-4817-820F-E55B5C40264D}.Release|Any CPU.Build.0 = Release|Any CPU
		{1E53F561-3D9E-4563-A714-215EF5997653}.Debug|Any CPU.ActiveCfg = Debug|Any CPU
		{1E53F561-3D9E-4563-A714-215EF5997653}.Debug|Any CPU.Build.0 = Debug|Any CPU
		{1E53F561-3D9E-4563-A714-215EF5997653}.Release|Any CPU.ActiveCfg = Release|Any CPU
		{1E53F561-3D9E-4563-A714-215EF5997653}.Release|Any CPU.Build.0 = Release|Any CPU
		{802B72BD-B28A-434B-AB58-057B30B483DC}.Debug|Any CPU.ActiveCfg = Debug|Any CPU
		{802B72BD-B28A-434B-AB58-057B30B483DC}.Debug|Any CPU.Build.0 = Debug|Any CPU
		{802B72BD-B28A-434B-AB58-057B30B483DC}.Release|Any CPU.ActiveCfg = Release|Any CPU
		{802B72BD-B28A-434B-AB58-057B30B483DC}.Release|Any CPU.Build.0 = Release|Any CPU
		{6D867A98-8DB5-4037-91EF-51ECB97F9EE8}.Debug|Any CPU.ActiveCfg = Debug|Any CPU
		{6D867A98-8DB5-4037-91EF-51ECB97F9EE8}.Debug|Any CPU.Build.0 = Debug|Any CPU
		{6D867A98-8DB5-4037-91EF-51ECB97F9EE8}.Release|Any CPU.ActiveCfg = Release|Any CPU
		{6D867A98-8DB5-4037-91EF-51ECB97F9EE8}.Release|Any CPU.Build.0 = Release|Any CPU
		{1F912D68-259A-40EF-96A5-1791E695E0E4}.Debug|Any CPU.ActiveCfg = Debug|Any CPU
		{1F912D68-259A-40EF-96A5-1791E695E0E4}.Debug|Any CPU.Build.0 = Debug|Any CPU
		{1F912D68-259A-40EF-96A5-1791E695E0E4}.Release|Any CPU.ActiveCfg = Release|Any CPU
		{1F912D68-259A-40EF-96A5-1791E695E0E4}.Release|Any CPU.Build.0 = Release|Any CPU
		{888BA630-FB43-4383-894D-3FAB76D7B6C7}.Debug|Any CPU.ActiveCfg = Debug|Any CPU
		{888BA630-FB43-4383-894D-3FAB76D7B6C7}.Debug|Any CPU.Build.0 = Debug|Any CPU
		{888BA630-FB43-4383-894D-3FAB76D7B6C7}.Release|Any CPU.ActiveCfg = Release|Any CPU
		{888BA630-FB43-4383-894D-3FAB76D7B6C7}.Release|Any CPU.Build.0 = Release|Any CPU
		{D8DDDD5E-8D11-47DE-90AB-04094657FD13}.Debug|Any CPU.ActiveCfg = Debug|Any CPU
		{D8DDDD5E-8D11-47DE-90AB-04094657FD13}.Debug|Any CPU.Build.0 = Debug|Any CPU
		{D8DDDD5E-8D11-47DE-90AB-04094657FD13}.Release|Any CPU.ActiveCfg = Release|Any CPU
		{D8DDDD5E-8D11-47DE-90AB-04094657FD13}.Release|Any CPU.Build.0 = Release|Any CPU
		{7800B262-8DA3-4734-B70E-526501FB7BF7}.Debug|Any CPU.ActiveCfg = Debug|Any CPU
		{7800B262-8DA3-4734-B70E-526501FB7BF7}.Debug|Any CPU.Build.0 = Debug|Any CPU
		{7800B262-8DA3-4734-B70E-526501FB7BF7}.Release|Any CPU.ActiveCfg = Release|Any CPU
		{7800B262-8DA3-4734-B70E-526501FB7BF7}.Release|Any CPU.Build.0 = Release|Any CPU
		{0B94F337-E012-4C75-B819-0C1C82830E57}.Debug|Any CPU.ActiveCfg = Debug|Any CPU
		{0B94F337-E012-4C75-B819-0C1C82830E57}.Debug|Any CPU.Build.0 = Debug|Any CPU
		{0B94F337-E012-4C75-B819-0C1C82830E57}.Release|Any CPU.ActiveCfg = Release|Any CPU
		{0B94F337-E012-4C75-B819-0C1C82830E57}.Release|Any CPU.Build.0 = Release|Any CPU
		{4A6290A7-1ED8-4787-8B6C-98DFF5DD008B}.Debug|Any CPU.ActiveCfg = Debug|Any CPU
		{4A6290A7-1ED8-4787-8B6C-98DFF5DD008B}.Debug|Any CPU.Build.0 = Debug|Any CPU
		{4A6290A7-1ED8-4787-8B6C-98DFF5DD008B}.Release|Any CPU.ActiveCfg = Release|Any CPU
		{4A6290A7-1ED8-4787-8B6C-98DFF5DD008B}.Release|Any CPU.Build.0 = Release|Any CPU
		{ED63BB0D-AC6A-403B-9C0A-706D46889790}.Debug|Any CPU.ActiveCfg = Debug|Any CPU
		{ED63BB0D-AC6A-403B-9C0A-706D46889790}.Debug|Any CPU.Build.0 = Debug|Any CPU
		{ED63BB0D-AC6A-403B-9C0A-706D46889790}.Release|Any CPU.ActiveCfg = Release|Any CPU
		{ED63BB0D-AC6A-403B-9C0A-706D46889790}.Release|Any CPU.Build.0 = Release|Any CPU
		{D720C6A5-C08B-4B3E-B72D-204A1F9D2F38}.Debug|Any CPU.ActiveCfg = Debug|Any CPU
		{D720C6A5-C08B-4B3E-B72D-204A1F9D2F38}.Debug|Any CPU.Build.0 = Debug|Any CPU
		{D720C6A5-C08B-4B3E-B72D-204A1F9D2F38}.Release|Any CPU.ActiveCfg = Release|Any CPU
		{D720C6A5-C08B-4B3E-B72D-204A1F9D2F38}.Release|Any CPU.Build.0 = Release|Any CPU
		{F60FACFA-9AB6-4122-867E-324A207CE31B}.Debug|Any CPU.ActiveCfg = Debug|Any CPU
		{F60FACFA-9AB6-4122-867E-324A207CE31B}.Debug|Any CPU.Build.0 = Debug|Any CPU
		{F60FACFA-9AB6-4122-867E-324A207CE31B}.Release|Any CPU.ActiveCfg = Release|Any CPU
		{F60FACFA-9AB6-4122-867E-324A207CE31B}.Release|Any CPU.Build.0 = Release|Any CPU
		{1E1640AA-3B1A-47FC-8EB7-383DE3F15730}.Debug|Any CPU.ActiveCfg = Debug|Any CPU
		{1E1640AA-3B1A-47FC-8EB7-383DE3F15730}.Debug|Any CPU.Build.0 = Debug|Any CPU
		{1E1640AA-3B1A-47FC-8EB7-383DE3F15730}.Release|Any CPU.ActiveCfg = Release|Any CPU
		{1E1640AA-3B1A-47FC-8EB7-383DE3F15730}.Release|Any CPU.Build.0 = Release|Any CPU
		{61AC8139-DD21-4213-B4DE-8B36A78DB44D}.Debug|Any CPU.ActiveCfg = Debug|Any CPU
		{61AC8139-DD21-4213-B4DE-8B36A78DB44D}.Debug|Any CPU.Build.0 = Debug|Any CPU
		{61AC8139-DD21-4213-B4DE-8B36A78DB44D}.Release|Any CPU.ActiveCfg = Release|Any CPU
		{61AC8139-DD21-4213-B4DE-8B36A78DB44D}.Release|Any CPU.Build.0 = Release|Any CPU
		{7555C6B1-2977-4B49-BB2A-CC26F872DCAC}.Debug|Any CPU.ActiveCfg = Debug|Any CPU
		{7555C6B1-2977-4B49-BB2A-CC26F872DCAC}.Debug|Any CPU.Build.0 = Debug|Any CPU
		{7555C6B1-2977-4B49-BB2A-CC26F872DCAC}.Release|Any CPU.ActiveCfg = Release|Any CPU
		{7555C6B1-2977-4B49-BB2A-CC26F872DCAC}.Release|Any CPU.Build.0 = Release|Any CPU
		{86E9FB91-61CD-452A-BE4B-1AE4E5BA082A}.Debug|Any CPU.ActiveCfg = Debug|Any CPU
		{86E9FB91-61CD-452A-BE4B-1AE4E5BA082A}.Debug|Any CPU.Build.0 = Debug|Any CPU
		{86E9FB91-61CD-452A-BE4B-1AE4E5BA082A}.Release|Any CPU.ActiveCfg = Release|Any CPU
		{86E9FB91-61CD-452A-BE4B-1AE4E5BA082A}.Release|Any CPU.Build.0 = Release|Any CPU
		{4090ADB7-826C-4532-855E-05A68FE85D17}.Debug|Any CPU.ActiveCfg = Debug|Any CPU
		{4090ADB7-826C-4532-855E-05A68FE85D17}.Debug|Any CPU.Build.0 = Debug|Any CPU
		{4090ADB7-826C-4532-855E-05A68FE85D17}.Release|Any CPU.ActiveCfg = Release|Any CPU
		{4090ADB7-826C-4532-855E-05A68FE85D17}.Release|Any CPU.Build.0 = Release|Any CPU
		{FA42C0B4-1D3A-4AF4-8AC4-863756CB3DAF}.Debug|Any CPU.ActiveCfg = Debug|Any CPU
		{FA42C0B4-1D3A-4AF4-8AC4-863756CB3DAF}.Debug|Any CPU.Build.0 = Debug|Any CPU
		{FA42C0B4-1D3A-4AF4-8AC4-863756CB3DAF}.Release|Any CPU.ActiveCfg = Release|Any CPU
		{FA42C0B4-1D3A-4AF4-8AC4-863756CB3DAF}.Release|Any CPU.Build.0 = Release|Any CPU
		{87077763-EEBA-499A-A13B-BDB59F5C2DCB}.Debug|Any CPU.ActiveCfg = Debug|Any CPU
		{87077763-EEBA-499A-A13B-BDB59F5C2DCB}.Debug|Any CPU.Build.0 = Debug|Any CPU
		{87077763-EEBA-499A-A13B-BDB59F5C2DCB}.Release|Any CPU.ActiveCfg = Release|Any CPU
		{87077763-EEBA-499A-A13B-BDB59F5C2DCB}.Release|Any CPU.Build.0 = Release|Any CPU
		{8B58D1AE-29FD-4C36-9762-19989E90EB6C}.Debug|Any CPU.ActiveCfg = Debug|Any CPU
		{8B58D1AE-29FD-4C36-9762-19989E90EB6C}.Debug|Any CPU.Build.0 = Debug|Any CPU
		{8B58D1AE-29FD-4C36-9762-19989E90EB6C}.Release|Any CPU.ActiveCfg = Release|Any CPU
		{8B58D1AE-29FD-4C36-9762-19989E90EB6C}.Release|Any CPU.Build.0 = Release|Any CPU
		{0D2778DB-3674-4D01-A020-D3F8A1CEE52F}.Debug|Any CPU.ActiveCfg = Debug|Any CPU
		{0D2778DB-3674-4D01-A020-D3F8A1CEE52F}.Debug|Any CPU.Build.0 = Debug|Any CPU
		{0D2778DB-3674-4D01-A020-D3F8A1CEE52F}.Release|Any CPU.ActiveCfg = Release|Any CPU
		{0D2778DB-3674-4D01-A020-D3F8A1CEE52F}.Release|Any CPU.Build.0 = Release|Any CPU
		{EC4DE3BA-47DF-4C63-9192-2FB72E9956C6}.Debug|Any CPU.ActiveCfg = Debug|Any CPU
		{EC4DE3BA-47DF-4C63-9192-2FB72E9956C6}.Debug|Any CPU.Build.0 = Debug|Any CPU
		{EC4DE3BA-47DF-4C63-9192-2FB72E9956C6}.Release|Any CPU.ActiveCfg = Release|Any CPU
		{EC4DE3BA-47DF-4C63-9192-2FB72E9956C6}.Release|Any CPU.Build.0 = Release|Any CPU
		{83319267-3D81-46B8-9DA8-A9F778B7CFDA}.Debug|Any CPU.ActiveCfg = Debug|Any CPU
		{83319267-3D81-46B8-9DA8-A9F778B7CFDA}.Debug|Any CPU.Build.0 = Debug|Any CPU
		{83319267-3D81-46B8-9DA8-A9F778B7CFDA}.Release|Any CPU.ActiveCfg = Release|Any CPU
		{83319267-3D81-46B8-9DA8-A9F778B7CFDA}.Release|Any CPU.Build.0 = Release|Any CPU
		{1D874B05-FAFC-4B6C-9E89-24100E42DC8E}.Debug|Any CPU.ActiveCfg = Debug|Any CPU
		{1D874B05-FAFC-4B6C-9E89-24100E42DC8E}.Debug|Any CPU.Build.0 = Debug|Any CPU
		{1D874B05-FAFC-4B6C-9E89-24100E42DC8E}.Release|Any CPU.ActiveCfg = Release|Any CPU
		{1D874B05-FAFC-4B6C-9E89-24100E42DC8E}.Release|Any CPU.Build.0 = Release|Any CPU
		{75B829EA-4AD6-4EB3-A61D-BA4029E2E357}.Debug|Any CPU.ActiveCfg = Debug|Any CPU
		{75B829EA-4AD6-4EB3-A61D-BA4029E2E357}.Debug|Any CPU.Build.0 = Debug|Any CPU
		{75B829EA-4AD6-4EB3-A61D-BA4029E2E357}.Release|Any CPU.ActiveCfg = Release|Any CPU
		{75B829EA-4AD6-4EB3-A61D-BA4029E2E357}.Release|Any CPU.Build.0 = Release|Any CPU
		{EB260CCC-1F8B-4E96-97C8-C3C727660612}.Debug|Any CPU.ActiveCfg = Debug|Any CPU
		{EB260CCC-1F8B-4E96-97C8-C3C727660612}.Debug|Any CPU.Build.0 = Debug|Any CPU
		{EB260CCC-1F8B-4E96-97C8-C3C727660612}.Release|Any CPU.ActiveCfg = Release|Any CPU
		{EB260CCC-1F8B-4E96-97C8-C3C727660612}.Release|Any CPU.Build.0 = Release|Any CPU
		{9DDBBA15-E855-4BA1-B894-202DC919F34A}.Debug|Any CPU.ActiveCfg = Debug|Any CPU
		{9DDBBA15-E855-4BA1-B894-202DC919F34A}.Debug|Any CPU.Build.0 = Debug|Any CPU
		{9DDBBA15-E855-4BA1-B894-202DC919F34A}.Release|Any CPU.ActiveCfg = Release|Any CPU
		{9DDBBA15-E855-4BA1-B894-202DC919F34A}.Release|Any CPU.Build.0 = Release|Any CPU
		{74B4331A-A101-4337-8C1C-CCF97E0F6812}.Debug|Any CPU.ActiveCfg = Debug|Any CPU
		{74B4331A-A101-4337-8C1C-CCF97E0F6812}.Debug|Any CPU.Build.0 = Debug|Any CPU
		{74B4331A-A101-4337-8C1C-CCF97E0F6812}.Release|Any CPU.ActiveCfg = Release|Any CPU
		{74B4331A-A101-4337-8C1C-CCF97E0F6812}.Release|Any CPU.Build.0 = Release|Any CPU
		{8677A533-C655-46C5-9ADD-B5D824B679CE}.Debug|Any CPU.ActiveCfg = Debug|Any CPU
		{8677A533-C655-46C5-9ADD-B5D824B679CE}.Debug|Any CPU.Build.0 = Debug|Any CPU
		{8677A533-C655-46C5-9ADD-B5D824B679CE}.Release|Any CPU.ActiveCfg = Release|Any CPU
		{8677A533-C655-46C5-9ADD-B5D824B679CE}.Release|Any CPU.Build.0 = Release|Any CPU
		{8F9AE22B-4CA3-4F93-895C-63A9A525DC9D}.Debug|Any CPU.ActiveCfg = Debug|Any CPU
		{8F9AE22B-4CA3-4F93-895C-63A9A525DC9D}.Debug|Any CPU.Build.0 = Debug|Any CPU
		{8F9AE22B-4CA3-4F93-895C-63A9A525DC9D}.Release|Any CPU.ActiveCfg = Release|Any CPU
		{8F9AE22B-4CA3-4F93-895C-63A9A525DC9D}.Release|Any CPU.Build.0 = Release|Any CPU
		{2DE0FF84-80B1-4BFE-9978-B0F9EF5810AD}.Debug|Any CPU.ActiveCfg = Debug|Any CPU
		{2DE0FF84-80B1-4BFE-9978-B0F9EF5810AD}.Debug|Any CPU.Build.0 = Debug|Any CPU
		{2DE0FF84-80B1-4BFE-9978-B0F9EF5810AD}.Release|Any CPU.ActiveCfg = Release|Any CPU
		{2DE0FF84-80B1-4BFE-9978-B0F9EF5810AD}.Release|Any CPU.Build.0 = Release|Any CPU
		{5A859F31-5481-4172-9943-18317B8DC978}.Debug|Any CPU.ActiveCfg = Debug|Any CPU
		{5A859F31-5481-4172-9943-18317B8DC978}.Debug|Any CPU.Build.0 = Debug|Any CPU
		{5A859F31-5481-4172-9943-18317B8DC978}.Release|Any CPU.ActiveCfg = Release|Any CPU
		{5A859F31-5481-4172-9943-18317B8DC978}.Release|Any CPU.Build.0 = Release|Any CPU
		{585C06E8-D78B-4737-BBE5-A0693C0E03C7}.Debug|Any CPU.ActiveCfg = Debug|Any CPU
		{585C06E8-D78B-4737-BBE5-A0693C0E03C7}.Debug|Any CPU.Build.0 = Debug|Any CPU
		{585C06E8-D78B-4737-BBE5-A0693C0E03C7}.Release|Any CPU.ActiveCfg = Release|Any CPU
		{585C06E8-D78B-4737-BBE5-A0693C0E03C7}.Release|Any CPU.Build.0 = Release|Any CPU
		{B5869191-3F66-4491-845F-614FCB6473BF}.Debug|Any CPU.ActiveCfg = Debug|Any CPU
		{B5869191-3F66-4491-845F-614FCB6473BF}.Debug|Any CPU.Build.0 = Debug|Any CPU
		{B5869191-3F66-4491-845F-614FCB6473BF}.Release|Any CPU.ActiveCfg = Release|Any CPU
		{B5869191-3F66-4491-845F-614FCB6473BF}.Release|Any CPU.Build.0 = Release|Any CPU
		{751FAE97-F368-4FB9-A945-24862CB2ABF0}.Debug|Any CPU.ActiveCfg = Debug|Any CPU
		{751FAE97-F368-4FB9-A945-24862CB2ABF0}.Debug|Any CPU.Build.0 = Debug|Any CPU
		{751FAE97-F368-4FB9-A945-24862CB2ABF0}.Release|Any CPU.ActiveCfg = Release|Any CPU
		{751FAE97-F368-4FB9-A945-24862CB2ABF0}.Release|Any CPU.Build.0 = Release|Any CPU
		{2CC8D22F-7485-4D0E-96C2-482181C42710}.Debug|Any CPU.ActiveCfg = Debug|Any CPU
		{2CC8D22F-7485-4D0E-96C2-482181C42710}.Debug|Any CPU.Build.0 = Debug|Any CPU
		{2CC8D22F-7485-4D0E-96C2-482181C42710}.Release|Any CPU.ActiveCfg = Release|Any CPU
		{2CC8D22F-7485-4D0E-96C2-482181C42710}.Release|Any CPU.Build.0 = Release|Any CPU
		{C2EAC18D-D922-48D8-9D13-8465F007B84E}.Debug|Any CPU.ActiveCfg = Debug|Any CPU
		{C2EAC18D-D922-48D8-9D13-8465F007B84E}.Debug|Any CPU.Build.0 = Debug|Any CPU
		{C2EAC18D-D922-48D8-9D13-8465F007B84E}.Release|Any CPU.ActiveCfg = Release|Any CPU
		{C2EAC18D-D922-48D8-9D13-8465F007B84E}.Release|Any CPU.Build.0 = Release|Any CPU
		{5AF64DDA-69D8-42CE-82C9-33D3237D86B8}.Debug|Any CPU.ActiveCfg = Debug|Any CPU
		{5AF64DDA-69D8-42CE-82C9-33D3237D86B8}.Debug|Any CPU.Build.0 = Debug|Any CPU
		{5AF64DDA-69D8-42CE-82C9-33D3237D86B8}.Release|Any CPU.ActiveCfg = Release|Any CPU
		{5AF64DDA-69D8-42CE-82C9-33D3237D86B8}.Release|Any CPU.Build.0 = Release|Any CPU
		{A5BD53FF-375C-4B10-92A1-3B2F208EC776}.Debug|Any CPU.ActiveCfg = Debug|Any CPU
		{A5BD53FF-375C-4B10-92A1-3B2F208EC776}.Debug|Any CPU.Build.0 = Debug|Any CPU
		{A5BD53FF-375C-4B10-92A1-3B2F208EC776}.Release|Any CPU.ActiveCfg = Release|Any CPU
		{A5BD53FF-375C-4B10-92A1-3B2F208EC776}.Release|Any CPU.Build.0 = Release|Any CPU
		{10FD7AA1-8C72-46C2-828A-A061987BB6FC}.Debug|Any CPU.ActiveCfg = Debug|Any CPU
		{10FD7AA1-8C72-46C2-828A-A061987BB6FC}.Debug|Any CPU.Build.0 = Debug|Any CPU
		{10FD7AA1-8C72-46C2-828A-A061987BB6FC}.Release|Any CPU.ActiveCfg = Release|Any CPU
		{10FD7AA1-8C72-46C2-828A-A061987BB6FC}.Release|Any CPU.Build.0 = Release|Any CPU
		{319175B5-9F68-4E7C-901C-75E166DA8EB5}.Debug|Any CPU.ActiveCfg = Debug|Any CPU
		{319175B5-9F68-4E7C-901C-75E166DA8EB5}.Debug|Any CPU.Build.0 = Debug|Any CPU
		{319175B5-9F68-4E7C-901C-75E166DA8EB5}.Release|Any CPU.ActiveCfg = Release|Any CPU
		{319175B5-9F68-4E7C-901C-75E166DA8EB5}.Release|Any CPU.Build.0 = Release|Any CPU
		{00A2BF38-6605-456E-9473-D2638A5D23B6}.Debug|Any CPU.ActiveCfg = Debug|Any CPU
		{00A2BF38-6605-456E-9473-D2638A5D23B6}.Debug|Any CPU.Build.0 = Debug|Any CPU
		{00A2BF38-6605-456E-9473-D2638A5D23B6}.Release|Any CPU.ActiveCfg = Release|Any CPU
		{00A2BF38-6605-456E-9473-D2638A5D23B6}.Release|Any CPU.Build.0 = Release|Any CPU
		{F76AC85B-DD2F-4C3F-9F81-C528482CD25C}.Debug|Any CPU.ActiveCfg = Debug|Any CPU
		{F76AC85B-DD2F-4C3F-9F81-C528482CD25C}.Debug|Any CPU.Build.0 = Debug|Any CPU
		{F76AC85B-DD2F-4C3F-9F81-C528482CD25C}.Release|Any CPU.ActiveCfg = Release|Any CPU
		{F76AC85B-DD2F-4C3F-9F81-C528482CD25C}.Release|Any CPU.Build.0 = Release|Any CPU
		{2FA880D9-4CDE-472D-9FAF-F93978A8441C}.Debug|Any CPU.ActiveCfg = Debug|Any CPU
		{2FA880D9-4CDE-472D-9FAF-F93978A8441C}.Debug|Any CPU.Build.0 = Debug|Any CPU
		{2FA880D9-4CDE-472D-9FAF-F93978A8441C}.Release|Any CPU.ActiveCfg = Release|Any CPU
		{2FA880D9-4CDE-472D-9FAF-F93978A8441C}.Release|Any CPU.Build.0 = Release|Any CPU
		{C6948BBE-DD58-47A6-8820-9459928C8BED}.Debug|Any CPU.ActiveCfg = Debug|Any CPU
		{C6948BBE-DD58-47A6-8820-9459928C8BED}.Debug|Any CPU.Build.0 = Debug|Any CPU
		{C6948BBE-DD58-47A6-8820-9459928C8BED}.Release|Any CPU.ActiveCfg = Release|Any CPU
		{C6948BBE-DD58-47A6-8820-9459928C8BED}.Release|Any CPU.Build.0 = Release|Any CPU
		{78D2F653-9A06-4838-B4EF-58F2F99BB0A2}.Debug|Any CPU.ActiveCfg = Debug|Any CPU
		{78D2F653-9A06-4838-B4EF-58F2F99BB0A2}.Debug|Any CPU.Build.0 = Debug|Any CPU
		{78D2F653-9A06-4838-B4EF-58F2F99BB0A2}.Release|Any CPU.ActiveCfg = Release|Any CPU
		{78D2F653-9A06-4838-B4EF-58F2F99BB0A2}.Release|Any CPU.Build.0 = Release|Any CPU
	EndGlobalSection
	GlobalSection(SolutionProperties) = preSolution
		HideSolutionNode = FALSE
	EndGlobalSection
	GlobalSection(NestedProjects) = preSolution
		{EECEA2D3-108A-441F-8859-4D2A9FE52821} = {BD4B115D-DD7D-4B9D-B8DC-E13497C0EFFA}
		{DD62882F-C21C-425A-83DE-1ACCB0A4A1F7} = {BD4B115D-DD7D-4B9D-B8DC-E13497C0EFFA}
		{7A82778B-8FA4-4F3B-AA52-AC5F5D185C77} = {BD4B115D-DD7D-4B9D-B8DC-E13497C0EFFA}
		{2A760B4A-B103-4350-915A-78D455BCC397} = {BD4B115D-DD7D-4B9D-B8DC-E13497C0EFFA}
		{45CE77FF-9FDA-4E01-A420-A1C00B41BACC} = {BD4B115D-DD7D-4B9D-B8DC-E13497C0EFFA}
		{3DEDED5C-A4BB-4716-BEDC-969BB70ED1B6} = {BD4B115D-DD7D-4B9D-B8DC-E13497C0EFFA}
		{B0A8889F-E1F2-40CC-84CE-35D36AE5653A} = {238B1902-F8F3-40ED-BD15-A9ABDA7D75FC}
		{9471C395-2DBC-4689-AA2E-68E1BCE6BDDD} = {238B1902-F8F3-40ED-BD15-A9ABDA7D75FC}
		{69F3643C-9519-4061-A094-1B24590689B3} = {238B1902-F8F3-40ED-BD15-A9ABDA7D75FC}
		{7EB25F75-6B75-4C9F-B961-013DDA2B5CB2} = {238B1902-F8F3-40ED-BD15-A9ABDA7D75FC}
		{7A9B6807-2933-473A-A595-7EE9BF784D72} = {238B1902-F8F3-40ED-BD15-A9ABDA7D75FC}
		{A6B4377C-F39E-4030-82A6-BEA67DE4909F} = {A84D60BD-5F96-43F3-A587-82D3B42E430C}
		{4E33999A-F24A-401D-8E68-79F0EA0687A0} = {A84D60BD-5F96-43F3-A587-82D3B42E430C}
		{ADAB8A74-8D33-4048-A7BD-A1F53210CD35} = {A84D60BD-5F96-43F3-A587-82D3B42E430C}
		{8F69D824-8D16-4BBB-8CF0-789C7B377760} = {A84D60BD-5F96-43F3-A587-82D3B42E430C}
		{BF7A1494-065F-4865-86E4-E91732B6E85A} = {A84D60BD-5F96-43F3-A587-82D3B42E430C}
		{93AE526F-B1AE-4BD0-A6BE-B1B579C744E1} = {9B7BC643-8B19-40C0-962A-FD628966F90F}
		{37956F95-882B-4476-95BC-72CE40C06D8D} = {9B7BC643-8B19-40C0-962A-FD628966F90F}
		{42C3143D-0511-4CD2-A61D-2920C745F6D5} = {9B7BC643-8B19-40C0-962A-FD628966F90F}
		{2219409B-0573-4335-A67B-D1F3284CE9B3} = {9B7BC643-8B19-40C0-962A-FD628966F90F}
		{F29AB730-5EE0-4778-8798-E28FED5ED82F} = {9B7BC643-8B19-40C0-962A-FD628966F90F}
		{ED160C56-9439-4D35-B19C-2FB89133DB67} = {E0753F93-F08E-437B-96C2-FC88C0FCA608}
		{5BD22057-D048-4431-94F1-C36B3ED753AF} = {E0753F93-F08E-437B-96C2-FC88C0FCA608}
		{CB2988B2-56B8-41C5-AFED-465CC905F0A9} = {E0753F93-F08E-437B-96C2-FC88C0FCA608}
		{6CC7175C-3F17-47CC-BEE4-60C784989435} = {E0753F93-F08E-437B-96C2-FC88C0FCA608}
		{12B46BD9-A9D3-4F07-88AC-94376249B41B} = {E0753F93-F08E-437B-96C2-FC88C0FCA608}
		{971D7743-7673-410A-81AE-67007AF1BFFF} = {E0753F93-F08E-437B-96C2-FC88C0FCA608}
		{FAD8F836-BE5A-4511-996C-EE343FECE871} = {1064D821-82DE-48C2-B443-429ED249D77D}
		{3539E6FA-8CFE-4F1C-A0EF-42D5998568F7} = {1064D821-82DE-48C2-B443-429ED249D77D}
		{664E6DB0-7E29-42C1-8AD2-6C92CCEB09CA} = {1064D821-82DE-48C2-B443-429ED249D77D}
		{63B34696-252A-462E-8FEB-C0FAF197C6AB} = {1064D821-82DE-48C2-B443-429ED249D77D}
		{54748A9A-6FFA-4694-8E4B-394759570D7F} = {5FBB1694-8CF9-437C-8BBA-59F5EF616C56}
		{EAD02A17-9A42-4989-B99F-FD9622E1118C} = {5FBB1694-8CF9-437C-8BBA-59F5EF616C56}
		{9DCA2AC1-889F-4BC4-B111-7BD1212200E5} = {5FBB1694-8CF9-437C-8BBA-59F5EF616C56}
		{E2A2CEC6-D8C1-44A1-B25B-A9D42D8080E4} = {5FBB1694-8CF9-437C-8BBA-59F5EF616C56}
		{3C4423F4-0D13-45C6-B75D-8E7F9806D3D9} = {5FBB1694-8CF9-437C-8BBA-59F5EF616C56}
		{58C3F375-D814-4FF5-8318-9C9CCD5D9A81} = {769E0579-455D-4AD7-B486-2E85A32C9F1B}
		{40503886-F9DB-4C8F-936F-14F905E127AB} = {769E0579-455D-4AD7-B486-2E85A32C9F1B}
		{36D0C84E-624D-45D1-9BC5-0D1B88A5EB09} = {769E0579-455D-4AD7-B486-2E85A32C9F1B}
		{03ECFBD6-7E01-4859-A762-975B790786C8} = {769E0579-455D-4AD7-B486-2E85A32C9F1B}
		{0A8F5422-580B-4FE9-8AD3-308D432B87A4} = {5A89306F-8CBA-4828-B09C-F58A2D45545A}
		{F0C214DA-56B8-4C1E-83A5-01850B7B8A33} = {5A89306F-8CBA-4828-B09C-F58A2D45545A}
		{36409076-BFDA-4A21-A609-9DDE441DA93F} = {5A89306F-8CBA-4828-B09C-F58A2D45545A}
		{CEA09DC4-BDEB-4F78-9CDF-D9308853FF09} = {774FDC20-282C-4F1E-AEBC-B943C78565DD}
		{92BB460A-DE92-44C5-B268-389A0058E8FF} = {774FDC20-282C-4F1E-AEBC-B943C78565DD}
		{880C8110-FEEE-4F77-90D5-FD6F1E749BAF} = {774FDC20-282C-4F1E-AEBC-B943C78565DD}
		{5C2DD864-C52F-4F5B-B019-FF9E4D6612E9} = {5AB02F32-A693-42EB-A9EE-B99797CB26BB}
		{CADD7FE7-71BE-42C6-BD37-5DF867D21A68} = {5AB02F32-A693-42EB-A9EE-B99797CB26BB}
		{15DF39B5-78AB-446F-A669-E705B7A5BD13} = {5AB02F32-A693-42EB-A9EE-B99797CB26BB}
		{22F6663A-D2AE-4343-97BF-7EC9F1D15D8A} = {CED54EDA-16EB-4C52-B0D0-EDBC0C1997F4}
		{26A8A40E-9EAC-4FCB-A1EE-614321AED4E5} = {CED54EDA-16EB-4C52-B0D0-EDBC0C1997F4}
		{D3B319E0-D9B4-4478-BB23-9A67F4BC5343} = {CED54EDA-16EB-4C52-B0D0-EDBC0C1997F4}
		{56314268-68AE-4803-9D17-3CD18E86D00B} = {CED54EDA-16EB-4C52-B0D0-EDBC0C1997F4}
		{8EAB94E8-989B-4600-9846-58729F63EC55} = {D74F8BF5-9E68-45EC-876A-6F02D3FC81B0}
		{A0D9BCC9-09D2-48FF-857D-6694DEFBCEEE} = {D74F8BF5-9E68-45EC-876A-6F02D3FC81B0}
		{96E03359-A296-408F-AC18-C38EE5562416} = {D74F8BF5-9E68-45EC-876A-6F02D3FC81B0}
		{D6C3EADF-98C6-478E-BC26-D7023457727A} = {D74F8BF5-9E68-45EC-876A-6F02D3FC81B0}
		{750912CA-DECF-4948-97BA-C7AF8340869D} = {D74F8BF5-9E68-45EC-876A-6F02D3FC81B0}
		{A629DCD8-EEAE-435B-B415-70286920B124} = {40224E78-FE94-44D7-97A2-60F64D0254E8}
		{0BB65388-6464-47E4-B495-E0B690217249} = {40224E78-FE94-44D7-97A2-60F64D0254E8}
		{7AF0F3BE-76BE-4C80-8EDD-DDF313C3F52D} = {40224E78-FE94-44D7-97A2-60F64D0254E8}
		{93840CE6-31C8-46E1-BB85-069CFBEDD395} = {40224E78-FE94-44D7-97A2-60F64D0254E8}
		{13A05261-F8DA-4A4E-9CF8-9CE00B4DBBB8} = {40224E78-FE94-44D7-97A2-60F64D0254E8}
		{B975BCEC-17B6-4AA1-892A-008186813DCB} = {3A10B9D9-4E78-4C8E-84CD-DDB0EBA7338F}
		{973C9DA4-5625-458D-8FE5-68A98C052BF0} = {3A10B9D9-4E78-4C8E-84CD-DDB0EBA7338F}
		{08E25C91-F36C-436D-8642-3CFCE340B103} = {3A10B9D9-4E78-4C8E-84CD-DDB0EBA7338F}
		{A81BBA22-8E1E-449E-BE42-86F30A254585} = {3A10B9D9-4E78-4C8E-84CD-DDB0EBA7338F}
		{0A3A418C-5258-4451-AC2E-CEE4F5E358F5} = {3A10B9D9-4E78-4C8E-84CD-DDB0EBA7338F}
		{A5F949DB-6B0F-4817-820F-E55B5C40264D} = {A6B18350-6BD3-4FEE-97B7-60DFC3A59056}
		{1E53F561-3D9E-4563-A714-215EF5997653} = {A6B18350-6BD3-4FEE-97B7-60DFC3A59056}
		{802B72BD-B28A-434B-AB58-057B30B483DC} = {A6B18350-6BD3-4FEE-97B7-60DFC3A59056}
		{6D867A98-8DB5-4037-91EF-51ECB97F9EE8} = {A6B18350-6BD3-4FEE-97B7-60DFC3A59056}
		{1F912D68-259A-40EF-96A5-1791E695E0E4} = {A6B18350-6BD3-4FEE-97B7-60DFC3A59056}
		{888BA630-FB43-4383-894D-3FAB76D7B6C7} = {A6B18350-6BD3-4FEE-97B7-60DFC3A59056}
		{D8DDDD5E-8D11-47DE-90AB-04094657FD13} = {BB5FBEFE-98C2-45BE-A758-10031950DEC8}
		{7800B262-8DA3-4734-B70E-526501FB7BF7} = {BB5FBEFE-98C2-45BE-A758-10031950DEC8}
		{0B94F337-E012-4C75-B819-0C1C82830E57} = {BB5FBEFE-98C2-45BE-A758-10031950DEC8}
		{4A6290A7-1ED8-4787-8B6C-98DFF5DD008B} = {BB5FBEFE-98C2-45BE-A758-10031950DEC8}
		{ED63BB0D-AC6A-403B-9C0A-706D46889790} = {BB5FBEFE-98C2-45BE-A758-10031950DEC8}
		{D720C6A5-C08B-4B3E-B72D-204A1F9D2F38} = {BB5FBEFE-98C2-45BE-A758-10031950DEC8}
		{F60FACFA-9AB6-4122-867E-324A207CE31B} = {BB5FBEFE-98C2-45BE-A758-10031950DEC8}
		{1E1640AA-3B1A-47FC-8EB7-383DE3F15730} = {BB5FBEFE-98C2-45BE-A758-10031950DEC8}
		{61AC8139-DD21-4213-B4DE-8B36A78DB44D} = {2640F93F-C313-402F-9553-0525633C33F7}
		{7555C6B1-2977-4B49-BB2A-CC26F872DCAC} = {2640F93F-C313-402F-9553-0525633C33F7}
		{86E9FB91-61CD-452A-BE4B-1AE4E5BA082A} = {2640F93F-C313-402F-9553-0525633C33F7}
		{4090ADB7-826C-4532-855E-05A68FE85D17} = {2640F93F-C313-402F-9553-0525633C33F7}
		{FA42C0B4-1D3A-4AF4-8AC4-863756CB3DAF} = {2640F93F-C313-402F-9553-0525633C33F7}
		{87077763-EEBA-499A-A13B-BDB59F5C2DCB} = {2640F93F-C313-402F-9553-0525633C33F7}
		{8B58D1AE-29FD-4C36-9762-19989E90EB6C} = {8E0142EE-8CAF-4370-B97A-0281D7BF9AAE}
		{0D2778DB-3674-4D01-A020-D3F8A1CEE52F} = {8E0142EE-8CAF-4370-B97A-0281D7BF9AAE}
		{EC4DE3BA-47DF-4C63-9192-2FB72E9956C6} = {8E0142EE-8CAF-4370-B97A-0281D7BF9AAE}
		{83319267-3D81-46B8-9DA8-A9F778B7CFDA} = {0428EB3E-5AD9-4BD6-9749-29A7D17BEA05}
		{1D874B05-FAFC-4B6C-9E89-24100E42DC8E} = {0428EB3E-5AD9-4BD6-9749-29A7D17BEA05}
		{75B829EA-4AD6-4EB3-A61D-BA4029E2E357} = {0428EB3E-5AD9-4BD6-9749-29A7D17BEA05}
		{EB260CCC-1F8B-4E96-97C8-C3C727660612} = {0428EB3E-5AD9-4BD6-9749-29A7D17BEA05}
		{9DDBBA15-E855-4BA1-B894-202DC919F34A} = {40F9BB7E-5E39-4A90-B8EA-2BCB6C6A414B}
		{74B4331A-A101-4337-8C1C-CCF97E0F6812} = {40F9BB7E-5E39-4A90-B8EA-2BCB6C6A414B}
		{8677A533-C655-46C5-9ADD-B5D824B679CE} = {FCD677D5-7B28-452C-84DE-4C1559E501DF}
		{8F9AE22B-4CA3-4F93-895C-63A9A525DC9D} = {FCD677D5-7B28-452C-84DE-4C1559E501DF}
		{2DE0FF84-80B1-4BFE-9978-B0F9EF5810AD} = {FCD677D5-7B28-452C-84DE-4C1559E501DF}
		{5A859F31-5481-4172-9943-18317B8DC978} = {FCD677D5-7B28-452C-84DE-4C1559E501DF}
		{585C06E8-D78B-4737-BBE5-A0693C0E03C7} = {FCD677D5-7B28-452C-84DE-4C1559E501DF}
		{B5869191-3F66-4491-845F-614FCB6473BF} = {D0644176-2509-457F-91E4-4E7E07AFAEAA}
		{751FAE97-F368-4FB9-A945-24862CB2ABF0} = {D0644176-2509-457F-91E4-4E7E07AFAEAA}
		{2CC8D22F-7485-4D0E-96C2-482181C42710} = {D0644176-2509-457F-91E4-4E7E07AFAEAA}
		{C2EAC18D-D922-48D8-9D13-8465F007B84E} = {D0644176-2509-457F-91E4-4E7E07AFAEAA}
		{5AF64DDA-69D8-42CE-82C9-33D3237D86B8} = {3CFD38DB-11A4-47BA-8B71-5D1A15C17A3B}
		{A5BD53FF-375C-4B10-92A1-3B2F208EC776} = {3CFD38DB-11A4-47BA-8B71-5D1A15C17A3B}
		{10FD7AA1-8C72-46C2-828A-A061987BB6FC} = {3CFD38DB-11A4-47BA-8B71-5D1A15C17A3B}
		{319175B5-9F68-4E7C-901C-75E166DA8EB5} = {3CFD38DB-11A4-47BA-8B71-5D1A15C17A3B}
		{00A2BF38-6605-456E-9473-D2638A5D23B6} = {3CFD38DB-11A4-47BA-8B71-5D1A15C17A3B}
		{F76AC85B-DD2F-4C3F-9F81-C528482CD25C} = {54D278E4-55D0-474B-80A5-05A7BAB94D51}
		{2FA880D9-4CDE-472D-9FAF-F93978A8441C} = {54D278E4-55D0-474B-80A5-05A7BAB94D51}
		{C6948BBE-DD58-47A6-8820-9459928C8BED} = {54D278E4-55D0-474B-80A5-05A7BAB94D51}
		{78D2F653-9A06-4838-B4EF-58F2F99BB0A2} = {54D278E4-55D0-474B-80A5-05A7BAB94D51}
	EndGlobalSection
	GlobalSection(ExtensibilityGlobals) = postSolution
		SolutionGuid = {0920676E-7B96-47D2-8B4D-CA8EE235B331}
	EndGlobalSection
EndGlobal
